// !$*UTF8*$!
{
	archiveVersion = 1;
	classes = {
	};
	objectVersion = 46;
	objects = {

/* Begin PBXBuildFile section */
		07C80E581B1C40EF00DD7E43 /* main.m in Sources */ = {isa = PBXBuildFile; fileRef = 07C80E571B1C40EF00DD7E43 /* main.m */; };
		07C80E5B1B1C40EF00DD7E43 /* AppDelegate.m in Sources */ = {isa = PBXBuildFile; fileRef = 07C80E5A1B1C40EF00DD7E43 /* AppDelegate.m */; };
		07C80E5E1B1C40EF00DD7E43 /* ViewController.m in Sources */ = {isa = PBXBuildFile; fileRef = 07C80E5D1B1C40EF00DD7E43 /* ViewController.m */; };
		07C80E611B1C40EF00DD7E43 /* Main.storyboard in Resources */ = {isa = PBXBuildFile; fileRef = 07C80E5F1B1C40EF00DD7E43 /* Main.storyboard */; };
		07C80E631B1C40EF00DD7E43 /* Images.xcassets in Resources */ = {isa = PBXBuildFile; fileRef = 07C80E621B1C40EF00DD7E43 /* Images.xcassets */; };
		07C80E661B1C40EF00DD7E43 /* LaunchScreen.xib in Resources */ = {isa = PBXBuildFile; fileRef = 07C80E641B1C40EF00DD7E43 /* LaunchScreen.xib */; };
		07C80E721B1C40EF00DD7E43 /* ArtistsTests.m in Sources */ = {isa = PBXBuildFile; fileRef = 07C80E711B1C40EF00DD7E43 /* ArtistsTests.m */; };
		07C80E7D1B1C41E800DD7E43 /* Artist.m in Sources */ = {isa = PBXBuildFile; fileRef = 07C80E7C1B1C41E800DD7E43 /* Artist.m */; };
		07C80E831B1C48BC00DD7E43 /* NSString+Random.m in Sources */ = {isa = PBXBuildFile; fileRef = 07C80E821B1C48BC00DD7E43 /* NSString+Random.m */; };
		07C80E861B1C4EDF00DD7E43 /* ArtistService.m in Sources */ = {isa = PBXBuildFile; fileRef = 07C80E851B1C4EDF00DD7E43 /* ArtistService.m */; };
		07C80E891B1C645200DD7E43 /* ArtistCell.m in Sources */ = {isa = PBXBuildFile; fileRef = 07C80E881B1C645200DD7E43 /* ArtistCell.m */; };
		07C80E8F1B1CA55500DD7E43 /* DetailsViewController.m in Sources */ = {isa = PBXBuildFile; fileRef = 07C80E8E1B1CA55500DD7E43 /* DetailsViewController.m */; };
		07C80E921B1CAAA300DD7E43 /* ImageService.m in Sources */ = {isa = PBXBuildFile; fileRef = 07C80E911B1CAAA300DD7E43 /* ImageService.m */; };
/* End PBXBuildFile section */

/* Begin PBXContainerItemProxy section */
		07C80E6C1B1C40EF00DD7E43 /* PBXContainerItemProxy */ = {
			isa = PBXContainerItemProxy;
			containerPortal = 07C80E4A1B1C40EF00DD7E43 /* Project object */;
			proxyType = 1;
			remoteGlobalIDString = 07C80E511B1C40EF00DD7E43;
			remoteInfo = Artists;
		};
/* End PBXContainerItemProxy section */

/* Begin PBXFileReference section */
		07C80E521B1C40EF00DD7E43 /* Artists.app */ = {isa = PBXFileReference; explicitFileType = wrapper.application; includeInIndex = 0; path = Artists.app; sourceTree = BUILT_PRODUCTS_DIR; };
		07C80E561B1C40EF00DD7E43 /* Info.plist */ = {isa = PBXFileReference; lastKnownFileType = text.plist.xml; path = Info.plist; sourceTree = "<group>"; };
		07C80E571B1C40EF00DD7E43 /* main.m */ = {isa = PBXFileReference; lastKnownFileType = sourcecode.c.objc; path = main.m; sourceTree = "<group>"; };
		07C80E591B1C40EF00DD7E43 /* AppDelegate.h */ = {isa = PBXFileReference; lastKnownFileType = sourcecode.c.h; path = AppDelegate.h; sourceTree = "<group>"; };
		07C80E5A1B1C40EF00DD7E43 /* AppDelegate.m */ = {isa = PBXFileReference; lastKnownFileType = sourcecode.c.objc; path = AppDelegate.m; sourceTree = "<group>"; };
		07C80E5C1B1C40EF00DD7E43 /* ViewController.h */ = {isa = PBXFileReference; lastKnownFileType = sourcecode.c.h; path = ViewController.h; sourceTree = "<group>"; };
		07C80E5D1B1C40EF00DD7E43 /* ViewController.m */ = {isa = PBXFileReference; lastKnownFileType = sourcecode.c.objc; path = ViewController.m; sourceTree = "<group>"; };
		07C80E601B1C40EF00DD7E43 /* Base */ = {isa = PBXFileReference; lastKnownFileType = file.storyboard; name = Base; path = Base.lproj/Main.storyboard; sourceTree = "<group>"; };
		07C80E621B1C40EF00DD7E43 /* Images.xcassets */ = {isa = PBXFileReference; lastKnownFileType = folder.assetcatalog; path = Images.xcassets; sourceTree = "<group>"; };
		07C80E651B1C40EF00DD7E43 /* Base */ = {isa = PBXFileReference; lastKnownFileType = file.xib; name = Base; path = Base.lproj/LaunchScreen.xib; sourceTree = "<group>"; };
		07C80E6B1B1C40EF00DD7E43 /* ArtistsTests.xctest */ = {isa = PBXFileReference; explicitFileType = wrapper.cfbundle; includeInIndex = 0; path = ArtistsTests.xctest; sourceTree = BUILT_PRODUCTS_DIR; };
		07C80E701B1C40EF00DD7E43 /* Info.plist */ = {isa = PBXFileReference; lastKnownFileType = text.plist.xml; path = Info.plist; sourceTree = "<group>"; };
		07C80E711B1C40EF00DD7E43 /* ArtistsTests.m */ = {isa = PBXFileReference; lastKnownFileType = sourcecode.c.objc; path = ArtistsTests.m; sourceTree = "<group>"; };
		07C80E7B1B1C41E800DD7E43 /* Artist.h */ = {isa = PBXFileReference; fileEncoding = 4; lastKnownFileType = sourcecode.c.h; path = Artist.h; sourceTree = "<group>"; };
		07C80E7C1B1C41E800DD7E43 /* Artist.m */ = {isa = PBXFileReference; fileEncoding = 4; lastKnownFileType = sourcecode.c.objc; path = Artist.m; sourceTree = "<group>"; };
		07C80E811B1C48BC00DD7E43 /* NSString+Random.h */ = {isa = PBXFileReference; fileEncoding = 4; lastKnownFileType = sourcecode.c.h; path = "NSString+Random.h"; sourceTree = "<group>"; };
		07C80E821B1C48BC00DD7E43 /* NSString+Random.m */ = {isa = PBXFileReference; fileEncoding = 4; lastKnownFileType = sourcecode.c.objc; path = "NSString+Random.m"; sourceTree = "<group>"; };
		07C80E841B1C4EDF00DD7E43 /* ArtistService.h */ = {isa = PBXFileReference; fileEncoding = 4; lastKnownFileType = sourcecode.c.h; path = ArtistService.h; sourceTree = "<group>"; };
		07C80E851B1C4EDF00DD7E43 /* ArtistService.m */ = {isa = PBXFileReference; fileEncoding = 4; lastKnownFileType = sourcecode.c.objc; path = ArtistService.m; sourceTree = "<group>"; };
		07C80E871B1C645200DD7E43 /* ArtistCell.h */ = {isa = PBXFileReference; fileEncoding = 4; lastKnownFileType = sourcecode.c.h; path = ArtistCell.h; sourceTree = "<group>"; };
		07C80E881B1C645200DD7E43 /* ArtistCell.m */ = {isa = PBXFileReference; fileEncoding = 4; lastKnownFileType = sourcecode.c.objc; path = ArtistCell.m; sourceTree = "<group>"; };
		07C80E8D1B1CA55500DD7E43 /* DetailsViewController.h */ = {isa = PBXFileReference; fileEncoding = 4; lastKnownFileType = sourcecode.c.h; path = DetailsViewController.h; sourceTree = "<group>"; };
		07C80E8E1B1CA55500DD7E43 /* DetailsViewController.m */ = {isa = PBXFileReference; fileEncoding = 4; lastKnownFileType = sourcecode.c.objc; path = DetailsViewController.m; sourceTree = "<group>"; };
		07C80E901B1CAAA300DD7E43 /* ImageService.h */ = {isa = PBXFileReference; fileEncoding = 4; lastKnownFileType = sourcecode.c.h; path = ImageService.h; sourceTree = "<group>"; };
		07C80E911B1CAAA300DD7E43 /* ImageService.m */ = {isa = PBXFileReference; fileEncoding = 4; lastKnownFileType = sourcecode.c.objc; path = ImageService.m; sourceTree = "<group>"; };
/* End PBXFileReference section */

/* Begin PBXFrameworksBuildPhase section */
		07C80E4F1B1C40EF00DD7E43 /* Frameworks */ = {
			isa = PBXFrameworksBuildPhase;
			buildActionMask = 2147483647;
			files = (
			);
			runOnlyForDeploymentPostprocessing = 0;
		};
		07C80E681B1C40EF00DD7E43 /* Frameworks */ = {
			isa = PBXFrameworksBuildPhase;
			buildActionMask = 2147483647;
			files = (
			);
			runOnlyForDeploymentPostprocessing = 0;
		};
/* End PBXFrameworksBuildPhase section */

/* Begin PBXGroup section */
		07C80E491B1C40EF00DD7E43 = {
			isa = PBXGroup;
			children = (
				07C80E541B1C40EF00DD7E43 /* Artists */,
				07C80E6E1B1C40EF00DD7E43 /* ArtistsTests */,
				07C80E531B1C40EF00DD7E43 /* Products */,
			);
			sourceTree = "<group>";
		};
		07C80E531B1C40EF00DD7E43 /* Products */ = {
			isa = PBXGroup;
			children = (
				07C80E521B1C40EF00DD7E43 /* Artists.app */,
				07C80E6B1B1C40EF00DD7E43 /* ArtistsTests.xctest */,
			);
			name = Products;
			sourceTree = "<group>";
		};
		07C80E541B1C40EF00DD7E43 /* Artists */ = {
			isa = PBXGroup;
			children = (
				07C80E801B1C421000DD7E43 /* View */,
				07C80E7F1B1C41FB00DD7E43 /* Controller */,
				07C80E7E1B1C41EE00DD7E43 /* Model */,
				07C80E621B1C40EF00DD7E43 /* Images.xcassets */,
				07C80E551B1C40EF00DD7E43 /* Supporting Files */,
				07C80E841B1C4EDF00DD7E43 /* ArtistService.h */,
				07C80E851B1C4EDF00DD7E43 /* ArtistService.m */,
				07C80E901B1CAAA300DD7E43 /* ImageService.h */,
				07C80E911B1CAAA300DD7E43 /* ImageService.m */,
			);
			path = Artists;
			sourceTree = "<group>";
		};
		07C80E551B1C40EF00DD7E43 /* Supporting Files */ = {
			isa = PBXGroup;
			children = (
				07C80E591B1C40EF00DD7E43 /* AppDelegate.h */,
				07C80E5A1B1C40EF00DD7E43 /* AppDelegate.m */,
				07C80E561B1C40EF00DD7E43 /* Info.plist */,
				07C80E571B1C40EF00DD7E43 /* main.m */,
			);
			name = "Supporting Files";
			sourceTree = "<group>";
		};
		07C80E6E1B1C40EF00DD7E43 /* ArtistsTests */ = {
			isa = PBXGroup;
			children = (
				07C80E711B1C40EF00DD7E43 /* ArtistsTests.m */,
				07C80E6F1B1C40EF00DD7E43 /* Supporting Files */,
			);
			path = ArtistsTests;
			sourceTree = "<group>";
		};
		07C80E6F1B1C40EF00DD7E43 /* Supporting Files */ = {
			isa = PBXGroup;
			children = (
				07C80E701B1C40EF00DD7E43 /* Info.plist */,
			);
			name = "Supporting Files";
			sourceTree = "<group>";
		};
		07C80E7E1B1C41EE00DD7E43 /* Model */ = {
			isa = PBXGroup;
			children = (
				07C80E7B1B1C41E800DD7E43 /* Artist.h */,
				07C80E7C1B1C41E800DD7E43 /* Artist.m */,
				07C80E811B1C48BC00DD7E43 /* NSString+Random.h */,
				07C80E821B1C48BC00DD7E43 /* NSString+Random.m */,
				07C80E871B1C645200DD7E43 /* ArtistCell.h */,
				07C80E881B1C645200DD7E43 /* ArtistCell.m */,
			);
			name = Model;
			sourceTree = "<group>";
		};
		07C80E7F1B1C41FB00DD7E43 /* Controller */ = {
			isa = PBXGroup;
			children = (
				07C80E5C1B1C40EF00DD7E43 /* ViewController.h */,
				07C80E5D1B1C40EF00DD7E43 /* ViewController.m */,
				07C80E8D1B1CA55500DD7E43 /* DetailsViewController.h */,
				07C80E8E1B1CA55500DD7E43 /* DetailsViewController.m */,
			);
			name = Controller;
			sourceTree = "<group>";
		};
		07C80E801B1C421000DD7E43 /* View */ = {
			isa = PBXGroup;
			children = (
				07C80E5F1B1C40EF00DD7E43 /* Main.storyboard */,
				07C80E641B1C40EF00DD7E43 /* LaunchScreen.xib */,
			);
			name = View;
			sourceTree = "<group>";
		};
/* End PBXGroup section */

/* Begin PBXNativeTarget section */
		07C80E511B1C40EF00DD7E43 /* Artists */ = {
			isa = PBXNativeTarget;
			buildConfigurationList = 07C80E751B1C40EF00DD7E43 /* Build configuration list for PBXNativeTarget "Artists" */;
			buildPhases = (
				07C80E4E1B1C40EF00DD7E43 /* Sources */,
				07C80E4F1B1C40EF00DD7E43 /* Frameworks */,
				07C80E501B1C40EF00DD7E43 /* Resources */,
			);
			buildRules = (
			);
			dependencies = (
			);
			name = Artists;
			productName = Artists;
			productReference = 07C80E521B1C40EF00DD7E43 /* Artists.app */;
			productType = "com.apple.product-type.application";
		};
		07C80E6A1B1C40EF00DD7E43 /* ArtistsTests */ = {
			isa = PBXNativeTarget;
			buildConfigurationList = 07C80E781B1C40EF00DD7E43 /* Build configuration list for PBXNativeTarget "ArtistsTests" */;
			buildPhases = (
				07C80E671B1C40EF00DD7E43 /* Sources */,
				07C80E681B1C40EF00DD7E43 /* Frameworks */,
				07C80E691B1C40EF00DD7E43 /* Resources */,
			);
			buildRules = (
			);
			dependencies = (
				07C80E6D1B1C40EF00DD7E43 /* PBXTargetDependency */,
			);
			name = ArtistsTests;
			productName = ArtistsTests;
			productReference = 07C80E6B1B1C40EF00DD7E43 /* ArtistsTests.xctest */;
			productType = "com.apple.product-type.bundle.unit-test";
		};
/* End PBXNativeTarget section */

/* Begin PBXProject section */
		07C80E4A1B1C40EF00DD7E43 /* Project object */ = {
			isa = PBXProject;
			attributes = {
				LastUpgradeCheck = 0630;
				ORGANIZATIONNAME = "Carlos Butron";
				TargetAttributes = {
					07C80E511B1C40EF00DD7E43 = {
						CreatedOnToolsVersion = 6.3.1;
					};
					07C80E6A1B1C40EF00DD7E43 = {
						CreatedOnToolsVersion = 6.3.1;
						TestTargetID = 07C80E511B1C40EF00DD7E43;
					};
				};
			};
			buildConfigurationList = 07C80E4D1B1C40EF00DD7E43 /* Build configuration list for PBXProject "Artists" */;
			compatibilityVersion = "Xcode 3.2";
			developmentRegion = English;
			hasScannedForEncodings = 0;
			knownRegions = (
				en,
				Base,
			);
			mainGroup = 07C80E491B1C40EF00DD7E43;
			productRefGroup = 07C80E531B1C40EF00DD7E43 /* Products */;
			projectDirPath = "";
			projectRoot = "";
			targets = (
				07C80E511B1C40EF00DD7E43 /* Artists */,
				07C80E6A1B1C40EF00DD7E43 /* ArtistsTests */,
			);
		};
/* End PBXProject section */

/* Begin PBXResourcesBuildPhase section */
		07C80E501B1C40EF00DD7E43 /* Resources */ = {
			isa = PBXResourcesBuildPhase;
			buildActionMask = 2147483647;
			files = (
				07C80E611B1C40EF00DD7E43 /* Main.storyboard in Resources */,
				07C80E661B1C40EF00DD7E43 /* LaunchScreen.xib in Resources */,
				07C80E631B1C40EF00DD7E43 /* Images.xcassets in Resources */,
			);
			runOnlyForDeploymentPostprocessing = 0;
		};
		07C80E691B1C40EF00DD7E43 /* Resources */ = {
			isa = PBXResourcesBuildPhase;
			buildActionMask = 2147483647;
			files = (
			);
			runOnlyForDeploymentPostprocessing = 0;
		};
/* End PBXResourcesBuildPhase section */

/* Begin PBXSourcesBuildPhase section */
		07C80E4E1B1C40EF00DD7E43 /* Sources */ = {
			isa = PBXSourcesBuildPhase;
			buildActionMask = 2147483647;
			files = (
				07C80E5E1B1C40EF00DD7E43 /* ViewController.m in Sources */,
				07C80E5B1B1C40EF00DD7E43 /* AppDelegate.m in Sources */,
				07C80E7D1B1C41E800DD7E43 /* Artist.m in Sources */,
				07C80E891B1C645200DD7E43 /* ArtistCell.m in Sources */,
				07C80E921B1CAAA300DD7E43 /* ImageService.m in Sources */,
				07C80E831B1C48BC00DD7E43 /* NSString+Random.m in Sources */,
				07C80E861B1C4EDF00DD7E43 /* ArtistService.m in Sources */,
				07C80E581B1C40EF00DD7E43 /* main.m in Sources */,
				07C80E8F1B1CA55500DD7E43 /* DetailsViewController.m in Sources */,
			);
			runOnlyForDeploymentPostprocessing = 0;
		};
		07C80E671B1C40EF00DD7E43 /* Sources */ = {
			isa = PBXSourcesBuildPhase;
			buildActionMask = 2147483647;
			files = (
				07C80E721B1C40EF00DD7E43 /* ArtistsTests.m in Sources */,
			);
			runOnlyForDeploymentPostprocessing = 0;
		};
/* End PBXSourcesBuildPhase section */

/* Begin PBXTargetDependency section */
		07C80E6D1B1C40EF00DD7E43 /* PBXTargetDependency */ = {
			isa = PBXTargetDependency;
			target = 07C80E511B1C40EF00DD7E43 /* Artists */;
			targetProxy = 07C80E6C1B1C40EF00DD7E43 /* PBXContainerItemProxy */;
		};
/* End PBXTargetDependency section */

/* Begin PBXVariantGroup section */
		07C80E5F1B1C40EF00DD7E43 /* Main.storyboard */ = {
			isa = PBXVariantGroup;
			children = (
				07C80E601B1C40EF00DD7E43 /* Base */,
			);
			name = Main.storyboard;
			sourceTree = "<group>";
		};
		07C80E641B1C40EF00DD7E43 /* LaunchScreen.xib */ = {
			isa = PBXVariantGroup;
			children = (
				07C80E651B1C40EF00DD7E43 /* Base */,
			);
			name = LaunchScreen.xib;
			sourceTree = "<group>";
		};
/* End PBXVariantGroup section */

/* Begin XCBuildConfiguration section */
		07C80E731B1C40EF00DD7E43 /* Debug */ = {
			isa = XCBuildConfiguration;
			buildSettings = {
				ALWAYS_SEARCH_USER_PATHS = NO;
				CLANG_CXX_LANGUAGE_STANDARD = "gnu++0x";
				CLANG_CXX_LIBRARY = "libc++";
				CLANG_ENABLE_MODULES = YES;
				CLANG_ENABLE_OBJC_ARC = YES;
				CLANG_WARN_BOOL_CONVERSION = YES;
				CLANG_WARN_CONSTANT_CONVERSION = YES;
				CLANG_WARN_DIRECT_OBJC_ISA_USAGE = YES_ERROR;
				CLANG_WARN_EMPTY_BODY = YES;
				CLANG_WARN_ENUM_CONVERSION = YES;
				CLANG_WARN_INT_CONVERSION = YES;
				CLANG_WARN_OBJC_ROOT_CLASS = YES_ERROR;
				CLANG_WARN_UNREACHABLE_CODE = YES;
				CLANG_WARN__DUPLICATE_METHOD_MATCH = YES;
				"CODE_SIGN_IDENTITY[sdk=iphoneos*]" = "iPhone Developer";
				COPY_PHASE_STRIP = NO;
				DEBUG_INFORMATION_FORMAT = "dwarf-with-dsym";
				ENABLE_STRICT_OBJC_MSGSEND = YES;
				GCC_C_LANGUAGE_STANDARD = gnu99;
				GCC_DYNAMIC_NO_PIC = NO;
				GCC_NO_COMMON_BLOCKS = YES;
				GCC_OPTIMIZATION_LEVEL = 0;
				GCC_PREPROCESSOR_DEFINITIONS = (
					"DEBUG=1",
					"$(inherited)",
				);
				GCC_SYMBOLS_PRIVATE_EXTERN = NO;
				GCC_WARN_64_TO_32_BIT_CONVERSION = YES;
				GCC_WARN_ABOUT_RETURN_TYPE = YES_ERROR;
				GCC_WARN_UNDECLARED_SELECTOR = YES;
				GCC_WARN_UNINITIALIZED_AUTOS = YES_AGGRESSIVE;
				GCC_WARN_UNUSED_FUNCTION = YES;
				GCC_WARN_UNUSED_VARIABLE = YES;
				IPHONEOS_DEPLOYMENT_TARGET = 8.3;
				MTL_ENABLE_DEBUG_INFO = YES;
				ONLY_ACTIVE_ARCH = YES;
				SDKROOT = iphoneos;
			};
			name = Debug;
		};
		07C80E741B1C40EF00DD7E43 /* Release */ = {
			isa = XCBuildConfiguration;
			buildSettings = {
				ALWAYS_SEARCH_USER_PATHS = NO;
				CLANG_CXX_LANGUAGE_STANDARD = "gnu++0x";
				CLANG_CXX_LIBRARY = "libc++";
				CLANG_ENABLE_MODULES = YES;
				CLANG_ENABLE_OBJC_ARC = YES;
				CLANG_WARN_BOOL_CONVERSION = YES;
				CLANG_WARN_CONSTANT_CONVERSION = YES;
				CLANG_WARN_DIRECT_OBJC_ISA_USAGE = YES_ERROR;
				CLANG_WARN_EMPTY_BODY = YES;
				CLANG_WARN_ENUM_CONVERSION = YES;
				CLANG_WARN_INT_CONVERSION = YES;
				CLANG_WARN_OBJC_ROOT_CLASS = YES_ERROR;
				CLANG_WARN_UNREACHABLE_CODE = YES;
				CLANG_WARN__DUPLICATE_METHOD_MATCH = YES;
				"CODE_SIGN_IDENTITY[sdk=iphoneos*]" = "iPhone Developer";
				COPY_PHASE_STRIP = NO;
				DEBUG_INFORMATION_FORMAT = "dwarf-with-dsym";
				ENABLE_NS_ASSERTIONS = NO;
				ENABLE_STRICT_OBJC_MSGSEND = YES;
				GCC_C_LANGUAGE_STANDARD = gnu99;
				GCC_NO_COMMON_BLOCKS = YES;
				GCC_WARN_64_TO_32_BIT_CONVERSION = YES;
				GCC_WARN_ABOUT_RETURN_TYPE = YES_ERROR;
				GCC_WARN_UNDECLARED_SELECTOR = YES;
				GCC_WARN_UNINITIALIZED_AUTOS = YES_AGGRESSIVE;
				GCC_WARN_UNUSED_FUNCTION = YES;
				GCC_WARN_UNUSED_VARIABLE = YES;
				IPHONEOS_DEPLOYMENT_TARGET = 8.3;
				MTL_ENABLE_DEBUG_INFO = NO;
				SDKROOT = iphoneos;
				VALIDATE_PRODUCT = YES;
			};
			name = Release;
		};
		07C80E761B1C40EF00DD7E43 /* Debug */ = {
			isa = XCBuildConfiguration;
			buildSettings = {
				ASSETCATALOG_COMPILER_APPICON_NAME = AppIcon;
				INFOPLIST_FILE = Artists/Info.plist;
				LD_RUNPATH_SEARCH_PATHS = "$(inherited) @executable_path/Frameworks";
				PRODUCT_NAME = "$(TARGET_NAME)";
			};
			name = Debug;
		};
		07C80E771B1C40EF00DD7E43 /* Release */ = {
			isa = XCBuildConfiguration;
			buildSettings = {
				ASSETCATALOG_COMPILER_APPICON_NAME = AppIcon;
				INFOPLIST_FILE = Artists/Info.plist;
				LD_RUNPATH_SEARCH_PATHS = "$(inherited) @executable_path/Frameworks";
				PRODUCT_NAME = "$(TARGET_NAME)";
			};
			name = Release;
		};
		07C80E791B1C40EF00DD7E43 /* Debug */ = {
			isa = XCBuildConfiguration;
			buildSettings = {
				BUNDLE_LOADER = "$(TEST_HOST)";
				FRAMEWORK_SEARCH_PATHS = (
					"$(SDKROOT)/Developer/Library/Frameworks",
					"$(inherited)",
				);
				GCC_PREPROCESSOR_DEFINITIONS = (
					"DEBUG=1",
					"$(inherited)",
				);
				INFOPLIST_FILE = ArtistsTests/Info.plist;
				LD_RUNPATH_SEARCH_PATHS = "$(inherited) @executable_path/Frameworks @loader_path/Frameworks";
				PRODUCT_NAME = "$(TARGET_NAME)";
				TEST_HOST = "$(BUILT_PRODUCTS_DIR)/Artists.app/Artists";
			};
			name = Debug;
		};
		07C80E7A1B1C40EF00DD7E43 /* Release */ = {
			isa = XCBuildConfiguration;
			buildSettings = {
				BUNDLE_LOADER = "$(TEST_HOST)";
				FRAMEWORK_SEARCH_PATHS = (
					"$(SDKROOT)/Developer/Library/Frameworks",
					"$(inherited)",
				);
				INFOPLIST_FILE = ArtistsTests/Info.plist;
				LD_RUNPATH_SEARCH_PATHS = "$(inherited) @executable_path/Frameworks @loader_path/Frameworks";
				PRODUCT_NAME = "$(TARGET_NAME)";
				TEST_HOST = "$(BUILT_PRODUCTS_DIR)/Artists.app/Artists";
			};
			name = Release;
		};
/* End XCBuildConfiguration section */

/* Begin XCConfigurationList section */
		07C80E4D1B1C40EF00DD7E43 /* Build configuration list for PBXProject "Artists" */ = {
			isa = XCConfigurationList;
			buildConfigurations = (
				07C80E731B1C40EF00DD7E43 /* Debug */,
				07C80E741B1C40EF00DD7E43 /* Release */,
			);
			defaultConfigurationIsVisible = 0;
			defaultConfigurationName = Release;
		};
		07C80E751B1C40EF00DD7E43 /* Build configuration list for PBXNativeTarget "Artists" */ = {
			isa = XCConfigurationList;
			buildConfigurations = (
				07C80E761B1C40EF00DD7E43 /* Debug */,
				07C80E771B1C40EF00DD7E43 /* Release */,
			);
			defaultConfigurationIsVisible = 0;
			defaultConfigurationName = Release;
		};
		07C80E781B1C40EF00DD7E43 /* Build configuration list for PBXNativeTarget "ArtistsTests" */ = {
			isa = XCConfigurationList;
			buildConfigurations = (
				07C80E791B1C40EF00DD7E43 /* Debug */,
				07C80E7A1B1C40EF00DD7E43 /* Release */,
			);
			defaultConfigurationIsVisible = 0;
			defaultConfigurationName = Release;
		};
/* End XCConfigurationList section */
	};
	rootObject = 07C80E4A1B1C40EF00DD7E43 /* Project object */;
}
