// !$*UTF8*$!
{
	archiveVersion = 1;
	classes = {
	};
	objectVersion = 46;
	objects = {

/* Begin PBXBuildFile section */
		074DCA2B1B0488AC003AAFCB /* main.m in Sources */ = {isa = PBXBuildFile; fileRef = 074DCA2A1B0488AC003AAFCB /* main.m */; };
		074DCA2E1B0488AC003AAFCB /* AppDelegate.m in Sources */ = {isa = PBXBuildFile; fileRef = 074DCA2D1B0488AC003AAFCB /* AppDelegate.m */; };
		074DCA311B0488AC003AAFCB /* MainViewController.m in Sources */ = {isa = PBXBuildFile; fileRef = 074DCA301B0488AC003AAFCB /* MainViewController.m */; };
		074DCA341B0488AC003AAFCB /* Main.storyboard in Resources */ = {isa = PBXBuildFile; fileRef = 074DCA321B0488AC003AAFCB /* Main.storyboard */; };
		074DCA361B0488AC003AAFCB /* Images.xcassets in Resources */ = {isa = PBXBuildFile; fileRef = 074DCA351B0488AC003AAFCB /* Images.xcassets */; };
		074DCA391B0488AC003AAFCB /* LaunchScreen.xib in Resources */ = {isa = PBXBuildFile; fileRef = 074DCA371B0488AC003AAFCB /* LaunchScreen.xib */; };
		074DCA451B0488AC003AAFCB /* CharactersTests.m in Sources */ = {isa = PBXBuildFile; fileRef = 074DCA441B0488AC003AAFCB /* CharactersTests.m */; };
		074DCA4F1B0488D6003AAFCB /* character.plist in Resources */ = {isa = PBXBuildFile; fileRef = 074DCA4E1B0488D6003AAFCB /* character.plist */; };
		074DCA521B048A9B003AAFCB /* Character.m in Sources */ = {isa = PBXBuildFile; fileRef = 074DCA511B048A9B003AAFCB /* Character.m */; };
		074DCA591B048C4C003AAFCB /* WorldOf.m in Sources */ = {isa = PBXBuildFile; fileRef = 074DCA581B048C4C003AAFCB /* WorldOf.m */; };
		074DCA5C1B049F46003AAFCB /* CharacterViewController.m in Sources */ = {isa = PBXBuildFile; fileRef = 074DCA5B1B049F46003AAFCB /* CharacterViewController.m */; };
		074DCA5F1B04CE2A003AAFCB /* MyCell.m in Sources */ = {isa = PBXBuildFile; fileRef = 074DCA5E1B04CE2A003AAFCB /* MyCell.m */; };
		074DCA621B04D796003AAFCB /* DetailsViewController.m in Sources */ = {isa = PBXBuildFile; fileRef = 074DCA611B04D796003AAFCB /* DetailsViewController.m */; };
		074DCA651B04E3B9003AAFCB /* FormViewController.m in Sources */ = {isa = PBXBuildFile; fileRef = 074DCA641B04E3B9003AAFCB /* FormViewController.m */; };
/* End PBXBuildFile section */

/* Begin PBXContainerItemProxy section */
		074DCA3F1B0488AC003AAFCB /* PBXContainerItemProxy */ = {
			isa = PBXContainerItemProxy;
			containerPortal = 074DCA1D1B0488AC003AAFCB /* Project object */;
			proxyType = 1;
			remoteGlobalIDString = 074DCA241B0488AC003AAFCB;
			remoteInfo = Characters;
		};
/* End PBXContainerItemProxy section */

/* Begin PBXFileReference section */
		074DCA251B0488AC003AAFCB /* Characters.app */ = {isa = PBXFileReference; explicitFileType = wrapper.application; includeInIndex = 0; path = Characters.app; sourceTree = BUILT_PRODUCTS_DIR; };
		074DCA291B0488AC003AAFCB /* Info.plist */ = {isa = PBXFileReference; lastKnownFileType = text.plist.xml; path = Info.plist; sourceTree = "<group>"; };
		074DCA2A1B0488AC003AAFCB /* main.m */ = {isa = PBXFileReference; lastKnownFileType = sourcecode.c.objc; path = main.m; sourceTree = "<group>"; };
		074DCA2C1B0488AC003AAFCB /* AppDelegate.h */ = {isa = PBXFileReference; lastKnownFileType = sourcecode.c.h; path = AppDelegate.h; sourceTree = "<group>"; };
		074DCA2D1B0488AC003AAFCB /* AppDelegate.m */ = {isa = PBXFileReference; lastKnownFileType = sourcecode.c.objc; path = AppDelegate.m; sourceTree = "<group>"; };
		074DCA2F1B0488AC003AAFCB /* MainViewController.h */ = {isa = PBXFileReference; lastKnownFileType = sourcecode.c.h; path = MainViewController.h; sourceTree = "<group>"; };
		074DCA301B0488AC003AAFCB /* MainViewController.m */ = {isa = PBXFileReference; lastKnownFileType = sourcecode.c.objc; path = MainViewController.m; sourceTree = "<group>"; };
		074DCA331B0488AC003AAFCB /* Base */ = {isa = PBXFileReference; lastKnownFileType = file.storyboard; name = Base; path = Base.lproj/Main.storyboard; sourceTree = "<group>"; };
		074DCA351B0488AC003AAFCB /* Images.xcassets */ = {isa = PBXFileReference; lastKnownFileType = folder.assetcatalog; path = Images.xcassets; sourceTree = "<group>"; };
		074DCA381B0488AC003AAFCB /* Base */ = {isa = PBXFileReference; lastKnownFileType = file.xib; name = Base; path = Base.lproj/LaunchScreen.xib; sourceTree = "<group>"; };
		074DCA3E1B0488AC003AAFCB /* CharactersTests.xctest */ = {isa = PBXFileReference; explicitFileType = wrapper.cfbundle; includeInIndex = 0; path = CharactersTests.xctest; sourceTree = BUILT_PRODUCTS_DIR; };
		074DCA431B0488AC003AAFCB /* Info.plist */ = {isa = PBXFileReference; lastKnownFileType = text.plist.xml; path = Info.plist; sourceTree = "<group>"; };
		074DCA441B0488AC003AAFCB /* CharactersTests.m */ = {isa = PBXFileReference; lastKnownFileType = sourcecode.c.objc; path = CharactersTests.m; sourceTree = "<group>"; };
		074DCA4E1B0488D6003AAFCB /* character.plist */ = {isa = PBXFileReference; fileEncoding = 4; lastKnownFileType = text.plist.xml; path = character.plist; sourceTree = "<group>"; };
		074DCA501B048A9B003AAFCB /* Character.h */ = {isa = PBXFileReference; fileEncoding = 4; lastKnownFileType = sourcecode.c.h; name = Character.h; path = ../Character.h; sourceTree = "<group>"; };
		074DCA511B048A9B003AAFCB /* Character.m */ = {isa = PBXFileReference; fileEncoding = 4; lastKnownFileType = sourcecode.c.objc; name = Character.m; path = ../Character.m; sourceTree = "<group>"; };
		074DCA571B048C4C003AAFCB /* WorldOf.h */ = {isa = PBXFileReference; fileEncoding = 4; lastKnownFileType = sourcecode.c.h; path = WorldOf.h; sourceTree = "<group>"; };
		074DCA581B048C4C003AAFCB /* WorldOf.m */ = {isa = PBXFileReference; fileEncoding = 4; lastKnownFileType = sourcecode.c.objc; path = WorldOf.m; sourceTree = "<group>"; };
		074DCA5A1B049F46003AAFCB /* CharacterViewController.h */ = {isa = PBXFileReference; fileEncoding = 4; lastKnownFileType = sourcecode.c.h; path = CharacterViewController.h; sourceTree = "<group>"; };
		074DCA5B1B049F46003AAFCB /* CharacterViewController.m */ = {isa = PBXFileReference; fileEncoding = 4; lastKnownFileType = sourcecode.c.objc; path = CharacterViewController.m; sourceTree = "<group>"; };
		074DCA5D1B04CE2A003AAFCB /* MyCell.h */ = {isa = PBXFileReference; fileEncoding = 4; lastKnownFileType = sourcecode.c.h; path = MyCell.h; sourceTree = "<group>"; };
		074DCA5E1B04CE2A003AAFCB /* MyCell.m */ = {isa = PBXFileReference; fileEncoding = 4; lastKnownFileType = sourcecode.c.objc; path = MyCell.m; sourceTree = "<group>"; };
		074DCA601B04D796003AAFCB /* DetailsViewController.h */ = {isa = PBXFileReference; fileEncoding = 4; lastKnownFileType = sourcecode.c.h; path = DetailsViewController.h; sourceTree = "<group>"; };
		074DCA611B04D796003AAFCB /* DetailsViewController.m */ = {isa = PBXFileReference; fileEncoding = 4; lastKnownFileType = sourcecode.c.objc; path = DetailsViewController.m; sourceTree = "<group>"; };
		074DCA631B04E3B9003AAFCB /* FormViewController.h */ = {isa = PBXFileReference; fileEncoding = 4; lastKnownFileType = sourcecode.c.h; path = FormViewController.h; sourceTree = "<group>"; };
		074DCA641B04E3B9003AAFCB /* FormViewController.m */ = {isa = PBXFileReference; fileEncoding = 4; lastKnownFileType = sourcecode.c.objc; path = FormViewController.m; sourceTree = "<group>"; };
/* End PBXFileReference section */

/* Begin PBXFrameworksBuildPhase section */
		074DCA221B0488AC003AAFCB /* Frameworks */ = {
			isa = PBXFrameworksBuildPhase;
			buildActionMask = 2147483647;
			files = (
			);
			runOnlyForDeploymentPostprocessing = 0;
		};
		074DCA3B1B0488AC003AAFCB /* Frameworks */ = {
			isa = PBXFrameworksBuildPhase;
			buildActionMask = 2147483647;
			files = (
			);
			runOnlyForDeploymentPostprocessing = 0;
		};
/* End PBXFrameworksBuildPhase section */

/* Begin PBXGroup section */
		074DCA1C1B0488AC003AAFCB = {
			isa = PBXGroup;
			children = (
				074DCA271B0488AC003AAFCB /* Characters */,
				074DCA411B0488AC003AAFCB /* CharactersTests */,
				074DCA261B0488AC003AAFCB /* Products */,
			);
			sourceTree = "<group>";
		};
		074DCA261B0488AC003AAFCB /* Products */ = {
			isa = PBXGroup;
			children = (
				074DCA251B0488AC003AAFCB /* Characters.app */,
				074DCA3E1B0488AC003AAFCB /* CharactersTests.xctest */,
			);
			name = Products;
			sourceTree = "<group>";
		};
		074DCA271B0488AC003AAFCB /* Characters */ = {
			isa = PBXGroup;
			children = (
				074DCA531B048AAA003AAFCB /* Model */,
				074DCA541B048AB2003AAFCB /* View */,
				074DCA551B048AB8003AAFCB /* Controller */,
				074DCA561B048AE9003AAFCB /* Data */,
				074DCA281B0488AC003AAFCB /* Supporting Files */,
			);
			path = Characters;
			sourceTree = "<group>";
		};
		074DCA281B0488AC003AAFCB /* Supporting Files */ = {
			isa = PBXGroup;
			children = (
				074DCA2C1B0488AC003AAFCB /* AppDelegate.h */,
				074DCA2D1B0488AC003AAFCB /* AppDelegate.m */,
				074DCA291B0488AC003AAFCB /* Info.plist */,
				074DCA2A1B0488AC003AAFCB /* main.m */,
			);
			name = "Supporting Files";
			sourceTree = "<group>";
		};
		074DCA411B0488AC003AAFCB /* CharactersTests */ = {
			isa = PBXGroup;
			children = (
				074DCA441B0488AC003AAFCB /* CharactersTests.m */,
				074DCA421B0488AC003AAFCB /* Supporting Files */,
			);
			path = CharactersTests;
			sourceTree = "<group>";
		};
		074DCA421B0488AC003AAFCB /* Supporting Files */ = {
			isa = PBXGroup;
			children = (
				074DCA431B0488AC003AAFCB /* Info.plist */,
			);
			name = "Supporting Files";
			sourceTree = "<group>";
		};
		074DCA531B048AAA003AAFCB /* Model */ = {
			isa = PBXGroup;
			children = (
				074DCA571B048C4C003AAFCB /* WorldOf.h */,
				074DCA581B048C4C003AAFCB /* WorldOf.m */,
				074DCA501B048A9B003AAFCB /* Character.h */,
				074DCA511B048A9B003AAFCB /* Character.m */,
				074DCA5D1B04CE2A003AAFCB /* MyCell.h */,
				074DCA5E1B04CE2A003AAFCB /* MyCell.m */,
			);
			name = Model;
			sourceTree = "<group>";
		};
		074DCA541B048AB2003AAFCB /* View */ = {
			isa = PBXGroup;
			children = (
				074DCA321B0488AC003AAFCB /* Main.storyboard */,
				074DCA371B0488AC003AAFCB /* LaunchScreen.xib */,
			);
			name = View;
			sourceTree = "<group>";
		};
		074DCA551B048AB8003AAFCB /* Controller */ = {
			isa = PBXGroup;
			children = (
				074DCA2F1B0488AC003AAFCB /* MainViewController.h */,
				074DCA301B0488AC003AAFCB /* MainViewController.m */,
				074DCA5A1B049F46003AAFCB /* CharacterViewController.h */,
				074DCA5B1B049F46003AAFCB /* CharacterViewController.m */,
				074DCA601B04D796003AAFCB /* DetailsViewController.h */,
				074DCA611B04D796003AAFCB /* DetailsViewController.m */,
				074DCA631B04E3B9003AAFCB /* FormViewController.h */,
				074DCA641B04E3B9003AAFCB /* FormViewController.m */,
			);
			name = Controller;
			sourceTree = "<group>";
		};
		074DCA561B048AE9003AAFCB /* Data */ = {
			isa = PBXGroup;
			children = (
				074DCA351B0488AC003AAFCB /* Images.xcassets */,
				074DCA4E1B0488D6003AAFCB /* character.plist */,
			);
			name = Data;
			sourceTree = "<group>";
		};
/* End PBXGroup section */

/* Begin PBXNativeTarget section */
		074DCA241B0488AC003AAFCB /* Characters */ = {
			isa = PBXNativeTarget;
			buildConfigurationList = 074DCA481B0488AC003AAFCB /* Build configuration list for PBXNativeTarget "Characters" */;
			buildPhases = (
				074DCA211B0488AC003AAFCB /* Sources */,
				074DCA221B0488AC003AAFCB /* Frameworks */,
				074DCA231B0488AC003AAFCB /* Resources */,
			);
			buildRules = (
			);
			dependencies = (
			);
			name = Characters;
			productName = Characters;
			productReference = 074DCA251B0488AC003AAFCB /* Characters.app */;
			productType = "com.apple.product-type.application";
		};
		074DCA3D1B0488AC003AAFCB /* CharactersTests */ = {
			isa = PBXNativeTarget;
			buildConfigurationList = 074DCA4B1B0488AC003AAFCB /* Build configuration list for PBXNativeTarget "CharactersTests" */;
			buildPhases = (
				074DCA3A1B0488AC003AAFCB /* Sources */,
				074DCA3B1B0488AC003AAFCB /* Frameworks */,
				074DCA3C1B0488AC003AAFCB /* Resources */,
			);
			buildRules = (
			);
			dependencies = (
				074DCA401B0488AC003AAFCB /* PBXTargetDependency */,
			);
			name = CharactersTests;
			productName = CharactersTests;
			productReference = 074DCA3E1B0488AC003AAFCB /* CharactersTests.xctest */;
			productType = "com.apple.product-type.bundle.unit-test";
		};
/* End PBXNativeTarget section */

/* Begin PBXProject section */
		074DCA1D1B0488AC003AAFCB /* Project object */ = {
			isa = PBXProject;
			attributes = {
				LastUpgradeCheck = 0630;
				ORGANIZATIONNAME = "Carlos Butron";
				TargetAttributes = {
					074DCA241B0488AC003AAFCB = {
						CreatedOnToolsVersion = 6.3.1;
					};
					074DCA3D1B0488AC003AAFCB = {
						CreatedOnToolsVersion = 6.3.1;
						TestTargetID = 074DCA241B0488AC003AAFCB;
					};
				};
			};
			buildConfigurationList = 074DCA201B0488AC003AAFCB /* Build configuration list for PBXProject "Characters" */;
			compatibilityVersion = "Xcode 3.2";
			developmentRegion = English;
			hasScannedForEncodings = 0;
			knownRegions = (
				en,
				Base,
			);
			mainGroup = 074DCA1C1B0488AC003AAFCB;
			productRefGroup = 074DCA261B0488AC003AAFCB /* Products */;
			projectDirPath = "";
			projectRoot = "";
			targets = (
				074DCA241B0488AC003AAFCB /* Characters */,
				074DCA3D1B0488AC003AAFCB /* CharactersTests */,
			);
		};
/* End PBXProject section */

/* Begin PBXResourcesBuildPhase section */
		074DCA231B0488AC003AAFCB /* Resources */ = {
			isa = PBXResourcesBuildPhase;
			buildActionMask = 2147483647;
			files = (
				074DCA341B0488AC003AAFCB /* Main.storyboard in Resources */,
				074DCA391B0488AC003AAFCB /* LaunchScreen.xib in Resources */,
				074DCA4F1B0488D6003AAFCB /* character.plist in Resources */,
				074DCA361B0488AC003AAFCB /* Images.xcassets in Resources */,
			);
			runOnlyForDeploymentPostprocessing = 0;
		};
		074DCA3C1B0488AC003AAFCB /* Resources */ = {
			isa = PBXResourcesBuildPhase;
			buildActionMask = 2147483647;
			files = (
			);
			runOnlyForDeploymentPostprocessing = 0;
		};
/* End PBXResourcesBuildPhase section */

/* Begin PBXSourcesBuildPhase section */
		074DCA211B0488AC003AAFCB /* Sources */ = {
			isa = PBXSourcesBuildPhase;
			buildActionMask = 2147483647;
			files = (
				074DCA311B0488AC003AAFCB /* MainViewController.m in Sources */,
				074DCA2E1B0488AC003AAFCB /* AppDelegate.m in Sources */,
				074DCA2B1B0488AC003AAFCB /* main.m in Sources */,
				074DCA521B048A9B003AAFCB /* Character.m in Sources */,
				074DCA5C1B049F46003AAFCB /* CharacterViewController.m in Sources */,
				074DCA591B048C4C003AAFCB /* WorldOf.m in Sources */,
				074DCA651B04E3B9003AAFCB /* FormViewController.m in Sources */,
				074DCA5F1B04CE2A003AAFCB /* MyCell.m in Sources */,
				074DCA621B04D796003AAFCB /* DetailsViewController.m in Sources */,
			);
			runOnlyForDeploymentPostprocessing = 0;
		};
		074DCA3A1B0488AC003AAFCB /* Sources */ = {
			isa = PBXSourcesBuildPhase;
			buildActionMask = 2147483647;
			files = (
				074DCA451B0488AC003AAFCB /* CharactersTests.m in Sources */,
			);
			runOnlyForDeploymentPostprocessing = 0;
		};
/* End PBXSourcesBuildPhase section */

/* Begin PBXTargetDependency section */
		074DCA401B0488AC003AAFCB /* PBXTargetDependency */ = {
			isa = PBXTargetDependency;
			target = 074DCA241B0488AC003AAFCB /* Characters */;
			targetProxy = 074DCA3F1B0488AC003AAFCB /* PBXContainerItemProxy */;
		};
/* End PBXTargetDependency section */

/* Begin PBXVariantGroup section */
		074DCA321B0488AC003AAFCB /* Main.storyboard */ = {
			isa = PBXVariantGroup;
			children = (
				074DCA331B0488AC003AAFCB /* Base */,
			);
			name = Main.storyboard;
			sourceTree = "<group>";
		};
		074DCA371B0488AC003AAFCB /* LaunchScreen.xib */ = {
			isa = PBXVariantGroup;
			children = (
				074DCA381B0488AC003AAFCB /* Base */,
			);
			name = LaunchScreen.xib;
			sourceTree = "<group>";
		};
/* End PBXVariantGroup section */

/* Begin XCBuildConfiguration section */
		074DCA461B0488AC003AAFCB /* Debug */ = {
			isa = XCBuildConfiguration;
			buildSettings = {
				ALWAYS_SEARCH_USER_PATHS = NO;
				CLANG_CXX_LANGUAGE_STANDARD = "gnu++0x";
				CLANG_CXX_LIBRARY = "libc++";
				CLANG_ENABLE_MODULES = YES;
				CLANG_ENABLE_OBJC_ARC = YES;
				CLANG_WARN_BOOL_CONVERSION = YES;
				CLANG_WARN_CONSTANT_CONVERSION = YES;
				CLANG_WARN_DIRECT_OBJC_ISA_USAGE = YES_ERROR;
				CLANG_WARN_EMPTY_BODY = YES;
				CLANG_WARN_ENUM_CONVERSION = YES;
				CLANG_WARN_INT_CONVERSION = YES;
				CLANG_WARN_OBJC_ROOT_CLASS = YES_ERROR;
				CLANG_WARN_UNREACHABLE_CODE = YES;
				CLANG_WARN__DUPLICATE_METHOD_MATCH = YES;
				"CODE_SIGN_IDENTITY[sdk=iphoneos*]" = "iPhone Developer";
				COPY_PHASE_STRIP = NO;
				DEBUG_INFORMATION_FORMAT = "dwarf-with-dsym";
				ENABLE_STRICT_OBJC_MSGSEND = YES;
				GCC_C_LANGUAGE_STANDARD = gnu99;
				GCC_DYNAMIC_NO_PIC = NO;
				GCC_NO_COMMON_BLOCKS = YES;
				GCC_OPTIMIZATION_LEVEL = 0;
				GCC_PREPROCESSOR_DEFINITIONS = (
					"DEBUG=1",
					"$(inherited)",
				);
				GCC_SYMBOLS_PRIVATE_EXTERN = NO;
				GCC_WARN_64_TO_32_BIT_CONVERSION = YES;
				GCC_WARN_ABOUT_RETURN_TYPE = YES_ERROR;
				GCC_WARN_UNDECLARED_SELECTOR = YES;
				GCC_WARN_UNINITIALIZED_AUTOS = YES_AGGRESSIVE;
				GCC_WARN_UNUSED_FUNCTION = YES;
				GCC_WARN_UNUSED_VARIABLE = YES;
				IPHONEOS_DEPLOYMENT_TARGET = 8.3;
				MTL_ENABLE_DEBUG_INFO = YES;
				ONLY_ACTIVE_ARCH = YES;
				SDKROOT = iphoneos;
			};
			name = Debug;
		};
		074DCA471B0488AC003AAFCB /* Release */ = {
			isa = XCBuildConfiguration;
			buildSettings = {
				ALWAYS_SEARCH_USER_PATHS = NO;
				CLANG_CXX_LANGUAGE_STANDARD = "gnu++0x";
				CLANG_CXX_LIBRARY = "libc++";
				CLANG_ENABLE_MODULES = YES;
				CLANG_ENABLE_OBJC_ARC = YES;
				CLANG_WARN_BOOL_CONVERSION = YES;
				CLANG_WARN_CONSTANT_CONVERSION = YES;
				CLANG_WARN_DIRECT_OBJC_ISA_USAGE = YES_ERROR;
				CLANG_WARN_EMPTY_BODY = YES;
				CLANG_WARN_ENUM_CONVERSION = YES;
				CLANG_WARN_INT_CONVERSION = YES;
				CLANG_WARN_OBJC_ROOT_CLASS = YES_ERROR;
				CLANG_WARN_UNREACHABLE_CODE = YES;
				CLANG_WARN__DUPLICATE_METHOD_MATCH = YES;
				"CODE_SIGN_IDENTITY[sdk=iphoneos*]" = "iPhone Developer";
				COPY_PHASE_STRIP = NO;
				DEBUG_INFORMATION_FORMAT = "dwarf-with-dsym";
				ENABLE_NS_ASSERTIONS = NO;
				ENABLE_STRICT_OBJC_MSGSEND = YES;
				GCC_C_LANGUAGE_STANDARD = gnu99;
				GCC_NO_COMMON_BLOCKS = YES;
				GCC_WARN_64_TO_32_BIT_CONVERSION = YES;
				GCC_WARN_ABOUT_RETURN_TYPE = YES_ERROR;
				GCC_WARN_UNDECLARED_SELECTOR = YES;
				GCC_WARN_UNINITIALIZED_AUTOS = YES_AGGRESSIVE;
				GCC_WARN_UNUSED_FUNCTION = YES;
				GCC_WARN_UNUSED_VARIABLE = YES;
				IPHONEOS_DEPLOYMENT_TARGET = 8.3;
				MTL_ENABLE_DEBUG_INFO = NO;
				SDKROOT = iphoneos;
				VALIDATE_PRODUCT = YES;
			};
			name = Release;
		};
		074DCA491B0488AC003AAFCB /* Debug */ = {
			isa = XCBuildConfiguration;
			buildSettings = {
				ASSETCATALOG_COMPILER_APPICON_NAME = AppIcon;
				INFOPLIST_FILE = Characters/Info.plist;
				LD_RUNPATH_SEARCH_PATHS = "$(inherited) @executable_path/Frameworks";
				PRODUCT_NAME = "$(TARGET_NAME)";
			};
			name = Debug;
		};
		074DCA4A1B0488AC003AAFCB /* Release */ = {
			isa = XCBuildConfiguration;
			buildSettings = {
				ASSETCATALOG_COMPILER_APPICON_NAME = AppIcon;
				INFOPLIST_FILE = Characters/Info.plist;
				LD_RUNPATH_SEARCH_PATHS = "$(inherited) @executable_path/Frameworks";
				PRODUCT_NAME = "$(TARGET_NAME)";
			};
			name = Release;
		};
		074DCA4C1B0488AC003AAFCB /* Debug */ = {
			isa = XCBuildConfiguration;
			buildSettings = {
				BUNDLE_LOADER = "$(TEST_HOST)";
				FRAMEWORK_SEARCH_PATHS = (
					"$(SDKROOT)/Developer/Library/Frameworks",
					"$(inherited)",
				);
				GCC_PREPROCESSOR_DEFINITIONS = (
					"DEBUG=1",
					"$(inherited)",
				);
				INFOPLIST_FILE = CharactersTests/Info.plist;
				LD_RUNPATH_SEARCH_PATHS = "$(inherited) @executable_path/Frameworks @loader_path/Frameworks";
				PRODUCT_NAME = "$(TARGET_NAME)";
				TEST_HOST = "$(BUILT_PRODUCTS_DIR)/Characters.app/Characters";
			};
			name = Debug;
		};
		074DCA4D1B0488AC003AAFCB /* Release */ = {
			isa = XCBuildConfiguration;
			buildSettings = {
				BUNDLE_LOADER = "$(TEST_HOST)";
				FRAMEWORK_SEARCH_PATHS = (
					"$(SDKROOT)/Developer/Library/Frameworks",
					"$(inherited)",
				);
				INFOPLIST_FILE = CharactersTests/Info.plist;
				LD_RUNPATH_SEARCH_PATHS = "$(inherited) @executable_path/Frameworks @loader_path/Frameworks";
				PRODUCT_NAME = "$(TARGET_NAME)";
				TEST_HOST = "$(BUILT_PRODUCTS_DIR)/Characters.app/Characters";
			};
			name = Release;
		};
/* End XCBuildConfiguration section */

/* Begin XCConfigurationList section */
		074DCA201B0488AC003AAFCB /* Build configuration list for PBXProject "Characters" */ = {
			isa = XCConfigurationList;
			buildConfigurations = (
				074DCA461B0488AC003AAFCB /* Debug */,
				074DCA471B0488AC003AAFCB /* Release */,
			);
			defaultConfigurationIsVisible = 0;
			defaultConfigurationName = Release;
		};
		074DCA481B0488AC003AAFCB /* Build configuration list for PBXNativeTarget "Characters" */ = {
			isa = XCConfigurationList;
			buildConfigurations = (
				074DCA491B0488AC003AAFCB /* Debug */,
				074DCA4A1B0488AC003AAFCB /* Release */,
			);
			defaultConfigurationIsVisible = 0;
		};
		074DCA4B1B0488AC003AAFCB /* Build configuration list for PBXNativeTarget "CharactersTests" */ = {
			isa = XCConfigurationList;
			buildConfigurations = (
				074DCA4C1B0488AC003AAFCB /* Debug */,
				074DCA4D1B0488AC003AAFCB /* Release */,
			);
			defaultConfigurationIsVisible = 0;
		};
/* End XCConfigurationList section */
	};
	rootObject = 074DCA1D1B0488AC003AAFCB /* Project object */;
}
