// !$*UTF8*$!
{
	archiveVersion = 1;
	classes = {
	};
	objectVersion = 46;
	objects = {

/* Begin PBXBuildFile section */
		077BD36C1AFA2A1F00A46BFB /* main.m in Sources */ = {isa = PBXBuildFile; fileRef = 077BD36B1AFA2A1F00A46BFB /* main.m */; };
		077BD36F1AFA2A1F00A46BFB /* AppDelegate.m in Sources */ = {isa = PBXBuildFile; fileRef = 077BD36E1AFA2A1F00A46BFB /* AppDelegate.m */; };
		077BD3721AFA2A1F00A46BFB /* ViewController.m in Sources */ = {isa = PBXBuildFile; fileRef = 077BD3711AFA2A1F00A46BFB /* ViewController.m */; };
		077BD3751AFA2A1F00A46BFB /* Main.storyboard in Resources */ = {isa = PBXBuildFile; fileRef = 077BD3731AFA2A1F00A46BFB /* Main.storyboard */; };
		077BD3771AFA2A1F00A46BFB /* Images.xcassets in Resources */ = {isa = PBXBuildFile; fileRef = 077BD3761AFA2A1F00A46BFB /* Images.xcassets */; };
		077BD37A1AFA2A1F00A46BFB /* LaunchScreen.xib in Resources */ = {isa = PBXBuildFile; fileRef = 077BD3781AFA2A1F00A46BFB /* LaunchScreen.xib */; };
		077BD3861AFA2A1F00A46BFB /* Storyboard101Tests.m in Sources */ = {isa = PBXBuildFile; fileRef = 077BD3851AFA2A1F00A46BFB /* Storyboard101Tests.m */; };
		077BD3921AFA54A400A46BFB /* NewViewController.m in Sources */ = {isa = PBXBuildFile; fileRef = 077BD3901AFA54A400A46BFB /* NewViewController.m */; };
		077BD3931AFA54A400A46BFB /* NewViewController.xib in Resources */ = {isa = PBXBuildFile; fileRef = 077BD3911AFA54A400A46BFB /* NewViewController.xib */; };
		077BD3961AFA69AB00A46BFB /* starwars.jpg in Resources */ = {isa = PBXBuildFile; fileRef = 077BD3951AFA69AB00A46BFB /* starwars.jpg */; };
		077BD3991AFA83A300A46BFB /* Painting.m in Sources */ = {isa = PBXBuildFile; fileRef = 077BD3981AFA83A300A46BFB /* Painting.m */; };
/* End PBXBuildFile section */

/* Begin PBXContainerItemProxy section */
		077BD3801AFA2A1F00A46BFB /* PBXContainerItemProxy */ = {
			isa = PBXContainerItemProxy;
			containerPortal = 077BD35E1AFA2A1F00A46BFB /* Project object */;
			proxyType = 1;
			remoteGlobalIDString = 077BD3651AFA2A1F00A46BFB;
			remoteInfo = Storyboard101;
		};
/* End PBXContainerItemProxy section */

/* Begin PBXFileReference section */
		077BD3661AFA2A1F00A46BFB /* Storyboard101.app */ = {isa = PBXFileReference; explicitFileType = wrapper.application; includeInIndex = 0; path = Storyboard101.app; sourceTree = BUILT_PRODUCTS_DIR; };
		077BD36A1AFA2A1F00A46BFB /* Info.plist */ = {isa = PBXFileReference; lastKnownFileType = text.plist.xml; path = Info.plist; sourceTree = "<group>"; };
		077BD36B1AFA2A1F00A46BFB /* main.m */ = {isa = PBXFileReference; lastKnownFileType = sourcecode.c.objc; path = main.m; sourceTree = "<group>"; };
		077BD36D1AFA2A1F00A46BFB /* AppDelegate.h */ = {isa = PBXFileReference; lastKnownFileType = sourcecode.c.h; path = AppDelegate.h; sourceTree = "<group>"; };
		077BD36E1AFA2A1F00A46BFB /* AppDelegate.m */ = {isa = PBXFileReference; lastKnownFileType = sourcecode.c.objc; path = AppDelegate.m; sourceTree = "<group>"; };
		077BD3701AFA2A1F00A46BFB /* ViewController.h */ = {isa = PBXFileReference; lastKnownFileType = sourcecode.c.h; path = ViewController.h; sourceTree = "<group>"; };
		077BD3711AFA2A1F00A46BFB /* ViewController.m */ = {isa = PBXFileReference; lastKnownFileType = sourcecode.c.objc; path = ViewController.m; sourceTree = "<group>"; };
		077BD3741AFA2A1F00A46BFB /* Base */ = {isa = PBXFileReference; lastKnownFileType = file.storyboard; name = Base; path = Base.lproj/Main.storyboard; sourceTree = "<group>"; };
		077BD3761AFA2A1F00A46BFB /* Images.xcassets */ = {isa = PBXFileReference; lastKnownFileType = folder.assetcatalog; path = Images.xcassets; sourceTree = "<group>"; };
		077BD3791AFA2A1F00A46BFB /* Base */ = {isa = PBXFileReference; lastKnownFileType = file.xib; name = Base; path = Base.lproj/LaunchScreen.xib; sourceTree = "<group>"; };
		077BD37F1AFA2A1F00A46BFB /* Storyboard101Tests.xctest */ = {isa = PBXFileReference; explicitFileType = wrapper.cfbundle; includeInIndex = 0; path = Storyboard101Tests.xctest; sourceTree = BUILT_PRODUCTS_DIR; };
		077BD3841AFA2A1F00A46BFB /* Info.plist */ = {isa = PBXFileReference; lastKnownFileType = text.plist.xml; path = Info.plist; sourceTree = "<group>"; };
		077BD3851AFA2A1F00A46BFB /* Storyboard101Tests.m */ = {isa = PBXFileReference; lastKnownFileType = sourcecode.c.objc; path = Storyboard101Tests.m; sourceTree = "<group>"; };
		077BD38F1AFA54A400A46BFB /* NewViewController.h */ = {isa = PBXFileReference; fileEncoding = 4; lastKnownFileType = sourcecode.c.h; path = NewViewController.h; sourceTree = "<group>"; };
		077BD3901AFA54A400A46BFB /* NewViewController.m */ = {isa = PBXFileReference; fileEncoding = 4; lastKnownFileType = sourcecode.c.objc; path = NewViewController.m; sourceTree = "<group>"; };
		077BD3911AFA54A400A46BFB /* NewViewController.xib */ = {isa = PBXFileReference; fileEncoding = 4; lastKnownFileType = file.xib; path = NewViewController.xib; sourceTree = "<group>"; };
		077BD3951AFA69AB00A46BFB /* starwars.jpg */ = {isa = PBXFileReference; lastKnownFileType = image.jpeg; path = starwars.jpg; sourceTree = "<group>"; };
		077BD3971AFA83A300A46BFB /* Painting.h */ = {isa = PBXFileReference; fileEncoding = 4; lastKnownFileType = sourcecode.c.h; path = Painting.h; sourceTree = "<group>"; };
		077BD3981AFA83A300A46BFB /* Painting.m */ = {isa = PBXFileReference; fileEncoding = 4; lastKnownFileType = sourcecode.c.objc; path = Painting.m; sourceTree = "<group>"; };
/* End PBXFileReference section */

/* Begin PBXFrameworksBuildPhase section */
		077BD3631AFA2A1F00A46BFB /* Frameworks */ = {
			isa = PBXFrameworksBuildPhase;
			buildActionMask = 2147483647;
			files = (
			);
			runOnlyForDeploymentPostprocessing = 0;
		};
		077BD37C1AFA2A1F00A46BFB /* Frameworks */ = {
			isa = PBXFrameworksBuildPhase;
			buildActionMask = 2147483647;
			files = (
			);
			runOnlyForDeploymentPostprocessing = 0;
		};
/* End PBXFrameworksBuildPhase section */

/* Begin PBXGroup section */
		077BD35D1AFA2A1F00A46BFB = {
			isa = PBXGroup;
			children = (
				077BD3681AFA2A1F00A46BFB /* Storyboard101 */,
				077BD3821AFA2A1F00A46BFB /* Storyboard101Tests */,
				077BD3671AFA2A1F00A46BFB /* Products */,
			);
			sourceTree = "<group>";
		};
		077BD3671AFA2A1F00A46BFB /* Products */ = {
			isa = PBXGroup;
			children = (
				077BD3661AFA2A1F00A46BFB /* Storyboard101.app */,
				077BD37F1AFA2A1F00A46BFB /* Storyboard101Tests.xctest */,
			);
			name = Products;
			sourceTree = "<group>";
		};
		077BD3681AFA2A1F00A46BFB /* Storyboard101 */ = {
			isa = PBXGroup;
			children = (
				077BD3941AFA687700A46BFB /* Resources */,
				077BD36D1AFA2A1F00A46BFB /* AppDelegate.h */,
				077BD36E1AFA2A1F00A46BFB /* AppDelegate.m */,
				077BD3701AFA2A1F00A46BFB /* ViewController.h */,
				077BD3711AFA2A1F00A46BFB /* ViewController.m */,
				077BD38F1AFA54A400A46BFB /* NewViewController.h */,
				077BD3901AFA54A400A46BFB /* NewViewController.m */,
				077BD3911AFA54A400A46BFB /* NewViewController.xib */,
				077BD3731AFA2A1F00A46BFB /* Main.storyboard */,
				077BD3761AFA2A1F00A46BFB /* Images.xcassets */,
				077BD3781AFA2A1F00A46BFB /* LaunchScreen.xib */,
				077BD3691AFA2A1F00A46BFB /* Supporting Files */,
				077BD3971AFA83A300A46BFB /* Painting.h */,
				077BD3981AFA83A300A46BFB /* Painting.m */,
			);
			path = Storyboard101;
			sourceTree = "<group>";
		};
		077BD3691AFA2A1F00A46BFB /* Supporting Files */ = {
			isa = PBXGroup;
			children = (
				077BD36A1AFA2A1F00A46BFB /* Info.plist */,
				077BD36B1AFA2A1F00A46BFB /* main.m */,
			);
			name = "Supporting Files";
			sourceTree = "<group>";
		};
		077BD3821AFA2A1F00A46BFB /* Storyboard101Tests */ = {
			isa = PBXGroup;
			children = (
				077BD3851AFA2A1F00A46BFB /* Storyboard101Tests.m */,
				077BD3831AFA2A1F00A46BFB /* Supporting Files */,
			);
			path = Storyboard101Tests;
			sourceTree = "<group>";
		};
		077BD3831AFA2A1F00A46BFB /* Supporting Files */ = {
			isa = PBXGroup;
			children = (
				077BD3841AFA2A1F00A46BFB /* Info.plist */,
			);
			name = "Supporting Files";
			sourceTree = "<group>";
		};
		077BD3941AFA687700A46BFB /* Resources */ = {
			isa = PBXGroup;
			children = (
				077BD3951AFA69AB00A46BFB /* starwars.jpg */,
			);
			name = Resources;
			sourceTree = "<group>";
		};
/* End PBXGroup section */

/* Begin PBXNativeTarget section */
		077BD3651AFA2A1F00A46BFB /* Storyboard101 */ = {
			isa = PBXNativeTarget;
			buildConfigurationList = 077BD3891AFA2A1F00A46BFB /* Build configuration list for PBXNativeTarget "Storyboard101" */;
			buildPhases = (
				077BD3621AFA2A1F00A46BFB /* Sources */,
				077BD3631AFA2A1F00A46BFB /* Frameworks */,
				077BD3641AFA2A1F00A46BFB /* Resources */,
			);
			buildRules = (
			);
			dependencies = (
			);
			name = Storyboard101;
			productName = Storyboard101;
			productReference = 077BD3661AFA2A1F00A46BFB /* Storyboard101.app */;
			productType = "com.apple.product-type.application";
		};
		077BD37E1AFA2A1F00A46BFB /* Storyboard101Tests */ = {
			isa = PBXNativeTarget;
			buildConfigurationList = 077BD38C1AFA2A1F00A46BFB /* Build configuration list for PBXNativeTarget "Storyboard101Tests" */;
			buildPhases = (
				077BD37B1AFA2A1F00A46BFB /* Sources */,
				077BD37C1AFA2A1F00A46BFB /* Frameworks */,
				077BD37D1AFA2A1F00A46BFB /* Resources */,
			);
			buildRules = (
			);
			dependencies = (
				077BD3811AFA2A1F00A46BFB /* PBXTargetDependency */,
			);
			name = Storyboard101Tests;
			productName = Storyboard101Tests;
			productReference = 077BD37F1AFA2A1F00A46BFB /* Storyboard101Tests.xctest */;
			productType = "com.apple.product-type.bundle.unit-test";
		};
/* End PBXNativeTarget section */

/* Begin PBXProject section */
		077BD35E1AFA2A1F00A46BFB /* Project object */ = {
			isa = PBXProject;
			attributes = {
				LastUpgradeCheck = 0630;
				ORGANIZATIONNAME = "Carlos Butron";
				TargetAttributes = {
					077BD3651AFA2A1F00A46BFB = {
						CreatedOnToolsVersion = 6.3.1;
					};
					077BD37E1AFA2A1F00A46BFB = {
						CreatedOnToolsVersion = 6.3.1;
						TestTargetID = 077BD3651AFA2A1F00A46BFB;
					};
				};
			};
			buildConfigurationList = 077BD3611AFA2A1F00A46BFB /* Build configuration list for PBXProject "Storyboard101" */;
			compatibilityVersion = "Xcode 3.2";
			developmentRegion = English;
			hasScannedForEncodings = 0;
			knownRegions = (
				en,
				Base,
			);
			mainGroup = 077BD35D1AFA2A1F00A46BFB;
			productRefGroup = 077BD3671AFA2A1F00A46BFB /* Products */;
			projectDirPath = "";
			projectRoot = "";
			targets = (
				077BD3651AFA2A1F00A46BFB /* Storyboard101 */,
				077BD37E1AFA2A1F00A46BFB /* Storyboard101Tests */,
			);
		};
/* End PBXProject section */

/* Begin PBXResourcesBuildPhase section */
		077BD3641AFA2A1F00A46BFB /* Resources */ = {
			isa = PBXResourcesBuildPhase;
			buildActionMask = 2147483647;
			files = (
				077BD3751AFA2A1F00A46BFB /* Main.storyboard in Resources */,
				077BD37A1AFA2A1F00A46BFB /* LaunchScreen.xib in Resources */,
				077BD3961AFA69AB00A46BFB /* starwars.jpg in Resources */,
				077BD3771AFA2A1F00A46BFB /* Images.xcassets in Resources */,
				077BD3931AFA54A400A46BFB /* NewViewController.xib in Resources */,
			);
			runOnlyForDeploymentPostprocessing = 0;
		};
		077BD37D1AFA2A1F00A46BFB /* Resources */ = {
			isa = PBXResourcesBuildPhase;
			buildActionMask = 2147483647;
			files = (
			);
			runOnlyForDeploymentPostprocessing = 0;
		};
/* End PBXResourcesBuildPhase section */

/* Begin PBXSourcesBuildPhase section */
		077BD3621AFA2A1F00A46BFB /* Sources */ = {
			isa = PBXSourcesBuildPhase;
			buildActionMask = 2147483647;
			files = (
				077BD3721AFA2A1F00A46BFB /* ViewController.m in Sources */,
				077BD36F1AFA2A1F00A46BFB /* AppDelegate.m in Sources */,
				077BD36C1AFA2A1F00A46BFB /* main.m in Sources */,
				077BD3921AFA54A400A46BFB /* NewViewController.m in Sources */,
				077BD3991AFA83A300A46BFB /* Painting.m in Sources */,
			);
			runOnlyForDeploymentPostprocessing = 0;
		};
		077BD37B1AFA2A1F00A46BFB /* Sources */ = {
			isa = PBXSourcesBuildPhase;
			buildActionMask = 2147483647;
			files = (
				077BD3861AFA2A1F00A46BFB /* Storyboard101Tests.m in Sources */,
			);
			runOnlyForDeploymentPostprocessing = 0;
		};
/* End PBXSourcesBuildPhase section */

/* Begin PBXTargetDependency section */
		077BD3811AFA2A1F00A46BFB /* PBXTargetDependency */ = {
			isa = PBXTargetDependency;
			target = 077BD3651AFA2A1F00A46BFB /* Storyboard101 */;
			targetProxy = 077BD3801AFA2A1F00A46BFB /* PBXContainerItemProxy */;
		};
/* End PBXTargetDependency section */

/* Begin PBXVariantGroup section */
		077BD3731AFA2A1F00A46BFB /* Main.storyboard */ = {
			isa = PBXVariantGroup;
			children = (
				077BD3741AFA2A1F00A46BFB /* Base */,
			);
			name = Main.storyboard;
			sourceTree = "<group>";
		};
		077BD3781AFA2A1F00A46BFB /* LaunchScreen.xib */ = {
			isa = PBXVariantGroup;
			children = (
				077BD3791AFA2A1F00A46BFB /* Base */,
			);
			name = LaunchScreen.xib;
			sourceTree = "<group>";
		};
/* End PBXVariantGroup section */

/* Begin XCBuildConfiguration section */
		077BD3871AFA2A1F00A46BFB /* Debug */ = {
			isa = XCBuildConfiguration;
			buildSettings = {
				ALWAYS_SEARCH_USER_PATHS = NO;
				CLANG_CXX_LANGUAGE_STANDARD = "gnu++0x";
				CLANG_CXX_LIBRARY = "libc++";
				CLANG_ENABLE_MODULES = YES;
				CLANG_ENABLE_OBJC_ARC = YES;
				CLANG_WARN_BOOL_CONVERSION = YES;
				CLANG_WARN_CONSTANT_CONVERSION = YES;
				CLANG_WARN_DIRECT_OBJC_ISA_USAGE = YES_ERROR;
				CLANG_WARN_EMPTY_BODY = YES;
				CLANG_WARN_ENUM_CONVERSION = YES;
				CLANG_WARN_INT_CONVERSION = YES;
				CLANG_WARN_OBJC_ROOT_CLASS = YES_ERROR;
				CLANG_WARN_UNREACHABLE_CODE = YES;
				CLANG_WARN__DUPLICATE_METHOD_MATCH = YES;
				"CODE_SIGN_IDENTITY[sdk=iphoneos*]" = "iPhone Developer";
				COPY_PHASE_STRIP = NO;
				DEBUG_INFORMATION_FORMAT = "dwarf-with-dsym";
				ENABLE_STRICT_OBJC_MSGSEND = YES;
				GCC_C_LANGUAGE_STANDARD = gnu99;
				GCC_DYNAMIC_NO_PIC = NO;
				GCC_NO_COMMON_BLOCKS = YES;
				GCC_OPTIMIZATION_LEVEL = 0;
				GCC_PREPROCESSOR_DEFINITIONS = (
					"DEBUG=1",
					"$(inherited)",
				);
				GCC_SYMBOLS_PRIVATE_EXTERN = NO;
				GCC_WARN_64_TO_32_BIT_CONVERSION = YES;
				GCC_WARN_ABOUT_RETURN_TYPE = YES_ERROR;
				GCC_WARN_UNDECLARED_SELECTOR = YES;
				GCC_WARN_UNINITIALIZED_AUTOS = YES_AGGRESSIVE;
				GCC_WARN_UNUSED_FUNCTION = YES;
				GCC_WARN_UNUSED_VARIABLE = YES;
				IPHONEOS_DEPLOYMENT_TARGET = 8.3;
				MTL_ENABLE_DEBUG_INFO = YES;
				ONLY_ACTIVE_ARCH = YES;
				SDKROOT = iphoneos;
			};
			name = Debug;
		};
		077BD3881AFA2A1F00A46BFB /* Release */ = {
			isa = XCBuildConfiguration;
			buildSettings = {
				ALWAYS_SEARCH_USER_PATHS = NO;
				CLANG_CXX_LANGUAGE_STANDARD = "gnu++0x";
				CLANG_CXX_LIBRARY = "libc++";
				CLANG_ENABLE_MODULES = YES;
				CLANG_ENABLE_OBJC_ARC = YES;
				CLANG_WARN_BOOL_CONVERSION = YES;
				CLANG_WARN_CONSTANT_CONVERSION = YES;
				CLANG_WARN_DIRECT_OBJC_ISA_USAGE = YES_ERROR;
				CLANG_WARN_EMPTY_BODY = YES;
				CLANG_WARN_ENUM_CONVERSION = YES;
				CLANG_WARN_INT_CONVERSION = YES;
				CLANG_WARN_OBJC_ROOT_CLASS = YES_ERROR;
				CLANG_WARN_UNREACHABLE_CODE = YES;
				CLANG_WARN__DUPLICATE_METHOD_MATCH = YES;
				"CODE_SIGN_IDENTITY[sdk=iphoneos*]" = "iPhone Developer";
				COPY_PHASE_STRIP = NO;
				DEBUG_INFORMATION_FORMAT = "dwarf-with-dsym";
				ENABLE_NS_ASSERTIONS = NO;
				ENABLE_STRICT_OBJC_MSGSEND = YES;
				GCC_C_LANGUAGE_STANDARD = gnu99;
				GCC_NO_COMMON_BLOCKS = YES;
				GCC_WARN_64_TO_32_BIT_CONVERSION = YES;
				GCC_WARN_ABOUT_RETURN_TYPE = YES_ERROR;
				GCC_WARN_UNDECLARED_SELECTOR = YES;
				GCC_WARN_UNINITIALIZED_AUTOS = YES_AGGRESSIVE;
				GCC_WARN_UNUSED_FUNCTION = YES;
				GCC_WARN_UNUSED_VARIABLE = YES;
				IPHONEOS_DEPLOYMENT_TARGET = 8.3;
				MTL_ENABLE_DEBUG_INFO = NO;
				SDKROOT = iphoneos;
				VALIDATE_PRODUCT = YES;
			};
			name = Release;
		};
		077BD38A1AFA2A1F00A46BFB /* Debug */ = {
			isa = XCBuildConfiguration;
			buildSettings = {
				ASSETCATALOG_COMPILER_APPICON_NAME = AppIcon;
				INFOPLIST_FILE = Storyboard101/Info.plist;
				LD_RUNPATH_SEARCH_PATHS = "$(inherited) @executable_path/Frameworks";
				PRODUCT_NAME = "$(TARGET_NAME)";
			};
			name = Debug;
		};
		077BD38B1AFA2A1F00A46BFB /* Release */ = {
			isa = XCBuildConfiguration;
			buildSettings = {
				ASSETCATALOG_COMPILER_APPICON_NAME = AppIcon;
				INFOPLIST_FILE = Storyboard101/Info.plist;
				LD_RUNPATH_SEARCH_PATHS = "$(inherited) @executable_path/Frameworks";
				PRODUCT_NAME = "$(TARGET_NAME)";
			};
			name = Release;
		};
		077BD38D1AFA2A1F00A46BFB /* Debug */ = {
			isa = XCBuildConfiguration;
			buildSettings = {
				BUNDLE_LOADER = "$(TEST_HOST)";
				FRAMEWORK_SEARCH_PATHS = (
					"$(SDKROOT)/Developer/Library/Frameworks",
					"$(inherited)",
				);
				GCC_PREPROCESSOR_DEFINITIONS = (
					"DEBUG=1",
					"$(inherited)",
				);
				INFOPLIST_FILE = Storyboard101Tests/Info.plist;
				LD_RUNPATH_SEARCH_PATHS = "$(inherited) @executable_path/Frameworks @loader_path/Frameworks";
				PRODUCT_NAME = "$(TARGET_NAME)";
				TEST_HOST = "$(BUILT_PRODUCTS_DIR)/Storyboard101.app/Storyboard101";
			};
			name = Debug;
		};
		077BD38E1AFA2A1F00A46BFB /* Release */ = {
			isa = XCBuildConfiguration;
			buildSettings = {
				BUNDLE_LOADER = "$(TEST_HOST)";
				FRAMEWORK_SEARCH_PATHS = (
					"$(SDKROOT)/Developer/Library/Frameworks",
					"$(inherited)",
				);
				INFOPLIST_FILE = Storyboard101Tests/Info.plist;
				LD_RUNPATH_SEARCH_PATHS = "$(inherited) @executable_path/Frameworks @loader_path/Frameworks";
				PRODUCT_NAME = "$(TARGET_NAME)";
				TEST_HOST = "$(BUILT_PRODUCTS_DIR)/Storyboard101.app/Storyboard101";
			};
			name = Release;
		};
/* End XCBuildConfiguration section */

/* Begin XCConfigurationList section */
		077BD3611AFA2A1F00A46BFB /* Build configuration list for PBXProject "Storyboard101" */ = {
			isa = XCConfigurationList;
			buildConfigurations = (
				077BD3871AFA2A1F00A46BFB /* Debug */,
				077BD3881AFA2A1F00A46BFB /* Release */,
			);
			defaultConfigurationIsVisible = 0;
			defaultConfigurationName = Release;
		};
		077BD3891AFA2A1F00A46BFB /* Build configuration list for PBXNativeTarget "Storyboard101" */ = {
			isa = XCConfigurationList;
			buildConfigurations = (
				077BD38A1AFA2A1F00A46BFB /* Debug */,
				077BD38B1AFA2A1F00A46BFB /* Release */,
			);
			defaultConfigurationIsVisible = 0;
		};
		077BD38C1AFA2A1F00A46BFB /* Build configuration list for PBXNativeTarget "Storyboard101Tests" */ = {
			isa = XCConfigurationList;
			buildConfigurations = (
				077BD38D1AFA2A1F00A46BFB /* Debug */,
				077BD38E1AFA2A1F00A46BFB /* Release */,
			);
			defaultConfigurationIsVisible = 0;
		};
/* End XCConfigurationList section */
	};
	rootObject = 077BD35E1AFA2A1F00A46BFB /* Project object */;
}
