// !$*UTF8*$!
{
	archiveVersion = 1;
	classes = {
	};
	objectVersion = 46;
	objects = {

/* Begin PBXBuildFile section */
		070F37881B00E87A00710ABE /* main.m in Sources */ = {isa = PBXBuildFile; fileRef = 070F37871B00E87A00710ABE /* main.m */; };
		070F378B1B00E87A00710ABE /* AppDelegate.m in Sources */ = {isa = PBXBuildFile; fileRef = 070F378A1B00E87A00710ABE /* AppDelegate.m */; };
		070F378E1B00E87A00710ABE /* MainViewController.m in Sources */ = {isa = PBXBuildFile; fileRef = 070F378D1B00E87A00710ABE /* MainViewController.m */; };
		070F37911B00E87A00710ABE /* Main.storyboard in Resources */ = {isa = PBXBuildFile; fileRef = 070F378F1B00E87A00710ABE /* Main.storyboard */; };
		070F37931B00E87A00710ABE /* Images.xcassets in Resources */ = {isa = PBXBuildFile; fileRef = 070F37921B00E87A00710ABE /* Images.xcassets */; };
		070F37961B00E87A00710ABE /* LaunchScreen.xib in Resources */ = {isa = PBXBuildFile; fileRef = 070F37941B00E87A00710ABE /* LaunchScreen.xib */; };
		070F37A21B00E87A00710ABE /* NC_demoTests.m in Sources */ = {isa = PBXBuildFile; fileRef = 070F37A11B00E87A00710ABE /* NC_demoTests.m */; };
		070F37AD1B00E8D800710ABE /* DetailsViewController.m in Sources */ = {isa = PBXBuildFile; fileRef = 070F37AC1B00E8D800710ABE /* DetailsViewController.m */; };
/* End PBXBuildFile section */

/* Begin PBXContainerItemProxy section */
		070F379C1B00E87A00710ABE /* PBXContainerItemProxy */ = {
			isa = PBXContainerItemProxy;
			containerPortal = 070F377A1B00E87A00710ABE /* Project object */;
			proxyType = 1;
			remoteGlobalIDString = 070F37811B00E87A00710ABE;
			remoteInfo = "NC-demo";
		};
/* End PBXContainerItemProxy section */

/* Begin PBXFileReference section */
		070F37821B00E87A00710ABE /* NC-demo.app */ = {isa = PBXFileReference; explicitFileType = wrapper.application; includeInIndex = 0; path = "NC-demo.app"; sourceTree = BUILT_PRODUCTS_DIR; };
		070F37861B00E87A00710ABE /* Info.plist */ = {isa = PBXFileReference; lastKnownFileType = text.plist.xml; path = Info.plist; sourceTree = "<group>"; };
		070F37871B00E87A00710ABE /* main.m */ = {isa = PBXFileReference; lastKnownFileType = sourcecode.c.objc; path = main.m; sourceTree = "<group>"; };
		070F37891B00E87A00710ABE /* AppDelegate.h */ = {isa = PBXFileReference; lastKnownFileType = sourcecode.c.h; path = AppDelegate.h; sourceTree = "<group>"; };
		070F378A1B00E87A00710ABE /* AppDelegate.m */ = {isa = PBXFileReference; lastKnownFileType = sourcecode.c.objc; path = AppDelegate.m; sourceTree = "<group>"; };
		070F378C1B00E87A00710ABE /* MainViewController.h */ = {isa = PBXFileReference; lastKnownFileType = sourcecode.c.h; path = MainViewController.h; sourceTree = "<group>"; };
		070F378D1B00E87A00710ABE /* MainViewController.m */ = {isa = PBXFileReference; lastKnownFileType = sourcecode.c.objc; path = MainViewController.m; sourceTree = "<group>"; };
		070F37901B00E87A00710ABE /* Base */ = {isa = PBXFileReference; lastKnownFileType = file.storyboard; name = Base; path = Base.lproj/Main.storyboard; sourceTree = "<group>"; };
		070F37921B00E87A00710ABE /* Images.xcassets */ = {isa = PBXFileReference; lastKnownFileType = folder.assetcatalog; path = Images.xcassets; sourceTree = "<group>"; };
		070F37951B00E87A00710ABE /* Base */ = {isa = PBXFileReference; lastKnownFileType = file.xib; name = Base; path = Base.lproj/LaunchScreen.xib; sourceTree = "<group>"; };
		070F379B1B00E87A00710ABE /* NC-demoTests.xctest */ = {isa = PBXFileReference; explicitFileType = wrapper.cfbundle; includeInIndex = 0; path = "NC-demoTests.xctest"; sourceTree = BUILT_PRODUCTS_DIR; };
		070F37A01B00E87A00710ABE /* Info.plist */ = {isa = PBXFileReference; lastKnownFileType = text.plist.xml; path = Info.plist; sourceTree = "<group>"; };
		070F37A11B00E87A00710ABE /* NC_demoTests.m */ = {isa = PBXFileReference; lastKnownFileType = sourcecode.c.objc; path = NC_demoTests.m; sourceTree = "<group>"; };
		070F37AB1B00E8D800710ABE /* DetailsViewController.h */ = {isa = PBXFileReference; fileEncoding = 4; lastKnownFileType = sourcecode.c.h; path = DetailsViewController.h; sourceTree = "<group>"; };
		070F37AC1B00E8D800710ABE /* DetailsViewController.m */ = {isa = PBXFileReference; fileEncoding = 4; lastKnownFileType = sourcecode.c.objc; path = DetailsViewController.m; sourceTree = "<group>"; };
/* End PBXFileReference section */

/* Begin PBXFrameworksBuildPhase section */
		070F377F1B00E87A00710ABE /* Frameworks */ = {
			isa = PBXFrameworksBuildPhase;
			buildActionMask = 2147483647;
			files = (
			);
			runOnlyForDeploymentPostprocessing = 0;
		};
		070F37981B00E87A00710ABE /* Frameworks */ = {
			isa = PBXFrameworksBuildPhase;
			buildActionMask = 2147483647;
			files = (
			);
			runOnlyForDeploymentPostprocessing = 0;
		};
/* End PBXFrameworksBuildPhase section */

/* Begin PBXGroup section */
		070F37791B00E87A00710ABE = {
			isa = PBXGroup;
			children = (
				070F37841B00E87A00710ABE /* NC-demo */,
				070F379E1B00E87A00710ABE /* NC-demoTests */,
				070F37831B00E87A00710ABE /* Products */,
			);
			sourceTree = "<group>";
		};
		070F37831B00E87A00710ABE /* Products */ = {
			isa = PBXGroup;
			children = (
				070F37821B00E87A00710ABE /* NC-demo.app */,
				070F379B1B00E87A00710ABE /* NC-demoTests.xctest */,
			);
			name = Products;
			sourceTree = "<group>";
		};
		070F37841B00E87A00710ABE /* NC-demo */ = {
			isa = PBXGroup;
			children = (
				070F37891B00E87A00710ABE /* AppDelegate.h */,
				070F378A1B00E87A00710ABE /* AppDelegate.m */,
				070F378C1B00E87A00710ABE /* MainViewController.h */,
				070F378D1B00E87A00710ABE /* MainViewController.m */,
				070F378F1B00E87A00710ABE /* Main.storyboard */,
				070F37921B00E87A00710ABE /* Images.xcassets */,
				070F37941B00E87A00710ABE /* LaunchScreen.xib */,
				070F37851B00E87A00710ABE /* Supporting Files */,
				070F37AB1B00E8D800710ABE /* DetailsViewController.h */,
				070F37AC1B00E8D800710ABE /* DetailsViewController.m */,
			);
			path = "NC-demo";
			sourceTree = "<group>";
		};
		070F37851B00E87A00710ABE /* Supporting Files */ = {
			isa = PBXGroup;
			children = (
				070F37861B00E87A00710ABE /* Info.plist */,
				070F37871B00E87A00710ABE /* main.m */,
			);
			name = "Supporting Files";
			sourceTree = "<group>";
		};
		070F379E1B00E87A00710ABE /* NC-demoTests */ = {
			isa = PBXGroup;
			children = (
				070F37A11B00E87A00710ABE /* NC_demoTests.m */,
				070F379F1B00E87A00710ABE /* Supporting Files */,
			);
			path = "NC-demoTests";
			sourceTree = "<group>";
		};
		070F379F1B00E87A00710ABE /* Supporting Files */ = {
			isa = PBXGroup;
			children = (
				070F37A01B00E87A00710ABE /* Info.plist */,
			);
			name = "Supporting Files";
			sourceTree = "<group>";
		};
/* End PBXGroup section */

/* Begin PBXNativeTarget section */
		070F37811B00E87A00710ABE /* NC-demo */ = {
			isa = PBXNativeTarget;
			buildConfigurationList = 070F37A51B00E87A00710ABE /* Build configuration list for PBXNativeTarget "NC-demo" */;
			buildPhases = (
				070F377E1B00E87A00710ABE /* Sources */,
				070F377F1B00E87A00710ABE /* Frameworks */,
				070F37801B00E87A00710ABE /* Resources */,
			);
			buildRules = (
			);
			dependencies = (
			);
			name = "NC-demo";
			productName = "NC-demo";
			productReference = 070F37821B00E87A00710ABE /* NC-demo.app */;
			productType = "com.apple.product-type.application";
		};
		070F379A1B00E87A00710ABE /* NC-demoTests */ = {
			isa = PBXNativeTarget;
			buildConfigurationList = 070F37A81B00E87A00710ABE /* Build configuration list for PBXNativeTarget "NC-demoTests" */;
			buildPhases = (
				070F37971B00E87A00710ABE /* Sources */,
				070F37981B00E87A00710ABE /* Frameworks */,
				070F37991B00E87A00710ABE /* Resources */,
			);
			buildRules = (
			);
			dependencies = (
				070F379D1B00E87A00710ABE /* PBXTargetDependency */,
			);
			name = "NC-demoTests";
			productName = "NC-demoTests";
			productReference = 070F379B1B00E87A00710ABE /* NC-demoTests.xctest */;
			productType = "com.apple.product-type.bundle.unit-test";
		};
/* End PBXNativeTarget section */

/* Begin PBXProject section */
		070F377A1B00E87A00710ABE /* Project object */ = {
			isa = PBXProject;
			attributes = {
				LastUpgradeCheck = 0630;
				ORGANIZATIONNAME = "Carlos Butron";
				TargetAttributes = {
					070F37811B00E87A00710ABE = {
						CreatedOnToolsVersion = 6.3.1;
					};
					070F379A1B00E87A00710ABE = {
						CreatedOnToolsVersion = 6.3.1;
						TestTargetID = 070F37811B00E87A00710ABE;
					};
				};
			};
			buildConfigurationList = 070F377D1B00E87A00710ABE /* Build configuration list for PBXProject "NC-demo" */;
			compatibilityVersion = "Xcode 3.2";
			developmentRegion = English;
			hasScannedForEncodings = 0;
			knownRegions = (
				en,
				Base,
			);
			mainGroup = 070F37791B00E87A00710ABE;
			productRefGroup = 070F37831B00E87A00710ABE /* Products */;
			projectDirPath = "";
			projectRoot = "";
			targets = (
				070F37811B00E87A00710ABE /* NC-demo */,
				070F379A1B00E87A00710ABE /* NC-demoTests */,
			);
		};
/* End PBXProject section */

/* Begin PBXResourcesBuildPhase section */
		070F37801B00E87A00710ABE /* Resources */ = {
			isa = PBXResourcesBuildPhase;
			buildActionMask = 2147483647;
			files = (
				070F37911B00E87A00710ABE /* Main.storyboard in Resources */,
				070F37961B00E87A00710ABE /* LaunchScreen.xib in Resources */,
				070F37931B00E87A00710ABE /* Images.xcassets in Resources */,
			);
			runOnlyForDeploymentPostprocessing = 0;
		};
		070F37991B00E87A00710ABE /* Resources */ = {
			isa = PBXResourcesBuildPhase;
			buildActionMask = 2147483647;
			files = (
			);
			runOnlyForDeploymentPostprocessing = 0;
		};
/* End PBXResourcesBuildPhase section */

/* Begin PBXSourcesBuildPhase section */
		070F377E1B00E87A00710ABE /* Sources */ = {
			isa = PBXSourcesBuildPhase;
			buildActionMask = 2147483647;
			files = (
				070F378E1B00E87A00710ABE /* MainViewController.m in Sources */,
				070F378B1B00E87A00710ABE /* AppDelegate.m in Sources */,
				070F37881B00E87A00710ABE /* main.m in Sources */,
				070F37AD1B00E8D800710ABE /* DetailsViewController.m in Sources */,
			);
			runOnlyForDeploymentPostprocessing = 0;
		};
		070F37971B00E87A00710ABE /* Sources */ = {
			isa = PBXSourcesBuildPhase;
			buildActionMask = 2147483647;
			files = (
				070F37A21B00E87A00710ABE /* NC_demoTests.m in Sources */,
			);
			runOnlyForDeploymentPostprocessing = 0;
		};
/* End PBXSourcesBuildPhase section */

/* Begin PBXTargetDependency section */
		070F379D1B00E87A00710ABE /* PBXTargetDependency */ = {
			isa = PBXTargetDependency;
			target = 070F37811B00E87A00710ABE /* NC-demo */;
			targetProxy = 070F379C1B00E87A00710ABE /* PBXContainerItemProxy */;
		};
/* End PBXTargetDependency section */

/* Begin PBXVariantGroup section */
		070F378F1B00E87A00710ABE /* Main.storyboard */ = {
			isa = PBXVariantGroup;
			children = (
				070F37901B00E87A00710ABE /* Base */,
			);
			name = Main.storyboard;
			sourceTree = "<group>";
		};
		070F37941B00E87A00710ABE /* LaunchScreen.xib */ = {
			isa = PBXVariantGroup;
			children = (
				070F37951B00E87A00710ABE /* Base */,
			);
			name = LaunchScreen.xib;
			sourceTree = "<group>";
		};
/* End PBXVariantGroup section */

/* Begin XCBuildConfiguration section */
		070F37A31B00E87A00710ABE /* Debug */ = {
			isa = XCBuildConfiguration;
			buildSettings = {
				ALWAYS_SEARCH_USER_PATHS = NO;
				CLANG_CXX_LANGUAGE_STANDARD = "gnu++0x";
				CLANG_CXX_LIBRARY = "libc++";
				CLANG_ENABLE_MODULES = YES;
				CLANG_ENABLE_OBJC_ARC = YES;
				CLANG_WARN_BOOL_CONVERSION = YES;
				CLANG_WARN_CONSTANT_CONVERSION = YES;
				CLANG_WARN_DIRECT_OBJC_ISA_USAGE = YES_ERROR;
				CLANG_WARN_EMPTY_BODY = YES;
				CLANG_WARN_ENUM_CONVERSION = YES;
				CLANG_WARN_INT_CONVERSION = YES;
				CLANG_WARN_OBJC_ROOT_CLASS = YES_ERROR;
				CLANG_WARN_UNREACHABLE_CODE = YES;
				CLANG_WARN__DUPLICATE_METHOD_MATCH = YES;
				"CODE_SIGN_IDENTITY[sdk=iphoneos*]" = "iPhone Developer";
				COPY_PHASE_STRIP = NO;
				DEBUG_INFORMATION_FORMAT = "dwarf-with-dsym";
				ENABLE_STRICT_OBJC_MSGSEND = YES;
				GCC_C_LANGUAGE_STANDARD = gnu99;
				GCC_DYNAMIC_NO_PIC = NO;
				GCC_NO_COMMON_BLOCKS = YES;
				GCC_OPTIMIZATION_LEVEL = 0;
				GCC_PREPROCESSOR_DEFINITIONS = (
					"DEBUG=1",
					"$(inherited)",
				);
				GCC_SYMBOLS_PRIVATE_EXTERN = NO;
				GCC_WARN_64_TO_32_BIT_CONVERSION = YES;
				GCC_WARN_ABOUT_RETURN_TYPE = YES_ERROR;
				GCC_WARN_UNDECLARED_SELECTOR = YES;
				GCC_WARN_UNINITIALIZED_AUTOS = YES_AGGRESSIVE;
				GCC_WARN_UNUSED_FUNCTION = YES;
				GCC_WARN_UNUSED_VARIABLE = YES;
				IPHONEOS_DEPLOYMENT_TARGET = 8.3;
				MTL_ENABLE_DEBUG_INFO = YES;
				ONLY_ACTIVE_ARCH = YES;
				SDKROOT = iphoneos;
			};
			name = Debug;
		};
		070F37A41B00E87A00710ABE /* Release */ = {
			isa = XCBuildConfiguration;
			buildSettings = {
				ALWAYS_SEARCH_USER_PATHS = NO;
				CLANG_CXX_LANGUAGE_STANDARD = "gnu++0x";
				CLANG_CXX_LIBRARY = "libc++";
				CLANG_ENABLE_MODULES = YES;
				CLANG_ENABLE_OBJC_ARC = YES;
				CLANG_WARN_BOOL_CONVERSION = YES;
				CLANG_WARN_CONSTANT_CONVERSION = YES;
				CLANG_WARN_DIRECT_OBJC_ISA_USAGE = YES_ERROR;
				CLANG_WARN_EMPTY_BODY = YES;
				CLANG_WARN_ENUM_CONVERSION = YES;
				CLANG_WARN_INT_CONVERSION = YES;
				CLANG_WARN_OBJC_ROOT_CLASS = YES_ERROR;
				CLANG_WARN_UNREACHABLE_CODE = YES;
				CLANG_WARN__DUPLICATE_METHOD_MATCH = YES;
				"CODE_SIGN_IDENTITY[sdk=iphoneos*]" = "iPhone Developer";
				COPY_PHASE_STRIP = NO;
				DEBUG_INFORMATION_FORMAT = "dwarf-with-dsym";
				ENABLE_NS_ASSERTIONS = NO;
				ENABLE_STRICT_OBJC_MSGSEND = YES;
				GCC_C_LANGUAGE_STANDARD = gnu99;
				GCC_NO_COMMON_BLOCKS = YES;
				GCC_WARN_64_TO_32_BIT_CONVERSION = YES;
				GCC_WARN_ABOUT_RETURN_TYPE = YES_ERROR;
				GCC_WARN_UNDECLARED_SELECTOR = YES;
				GCC_WARN_UNINITIALIZED_AUTOS = YES_AGGRESSIVE;
				GCC_WARN_UNUSED_FUNCTION = YES;
				GCC_WARN_UNUSED_VARIABLE = YES;
				IPHONEOS_DEPLOYMENT_TARGET = 8.3;
				MTL_ENABLE_DEBUG_INFO = NO;
				SDKROOT = iphoneos;
				VALIDATE_PRODUCT = YES;
			};
			name = Release;
		};
		070F37A61B00E87A00710ABE /* Debug */ = {
			isa = XCBuildConfiguration;
			buildSettings = {
				ASSETCATALOG_COMPILER_APPICON_NAME = AppIcon;
				INFOPLIST_FILE = "NC-demo/Info.plist";
				LD_RUNPATH_SEARCH_PATHS = "$(inherited) @executable_path/Frameworks";
				PRODUCT_NAME = "$(TARGET_NAME)";
			};
			name = Debug;
		};
		070F37A71B00E87A00710ABE /* Release */ = {
			isa = XCBuildConfiguration;
			buildSettings = {
				ASSETCATALOG_COMPILER_APPICON_NAME = AppIcon;
				INFOPLIST_FILE = "NC-demo/Info.plist";
				LD_RUNPATH_SEARCH_PATHS = "$(inherited) @executable_path/Frameworks";
				PRODUCT_NAME = "$(TARGET_NAME)";
			};
			name = Release;
		};
		070F37A91B00E87A00710ABE /* Debug */ = {
			isa = XCBuildConfiguration;
			buildSettings = {
				BUNDLE_LOADER = "$(TEST_HOST)";
				FRAMEWORK_SEARCH_PATHS = (
					"$(SDKROOT)/Developer/Library/Frameworks",
					"$(inherited)",
				);
				GCC_PREPROCESSOR_DEFINITIONS = (
					"DEBUG=1",
					"$(inherited)",
				);
				INFOPLIST_FILE = "NC-demoTests/Info.plist";
				LD_RUNPATH_SEARCH_PATHS = "$(inherited) @executable_path/Frameworks @loader_path/Frameworks";
				PRODUCT_NAME = "$(TARGET_NAME)";
				TEST_HOST = "$(BUILT_PRODUCTS_DIR)/NC-demo.app/NC-demo";
			};
			name = Debug;
		};
		070F37AA1B00E87A00710ABE /* Release */ = {
			isa = XCBuildConfiguration;
			buildSettings = {
				BUNDLE_LOADER = "$(TEST_HOST)";
				FRAMEWORK_SEARCH_PATHS = (
					"$(SDKROOT)/Developer/Library/Frameworks",
					"$(inherited)",
				);
				INFOPLIST_FILE = "NC-demoTests/Info.plist";
				LD_RUNPATH_SEARCH_PATHS = "$(inherited) @executable_path/Frameworks @loader_path/Frameworks";
				PRODUCT_NAME = "$(TARGET_NAME)";
				TEST_HOST = "$(BUILT_PRODUCTS_DIR)/NC-demo.app/NC-demo";
			};
			name = Release;
		};
/* End XCBuildConfiguration section */

/* Begin XCConfigurationList section */
		070F377D1B00E87A00710ABE /* Build configuration list for PBXProject "NC-demo" */ = {
			isa = XCConfigurationList;
			buildConfigurations = (
				070F37A31B00E87A00710ABE /* Debug */,
				070F37A41B00E87A00710ABE /* Release */,
			);
			defaultConfigurationIsVisible = 0;
			defaultConfigurationName = Release;
		};
		070F37A51B00E87A00710ABE /* Build configuration list for PBXNativeTarget "NC-demo" */ = {
			isa = XCConfigurationList;
			buildConfigurations = (
				070F37A61B00E87A00710ABE /* Debug */,
				070F37A71B00E87A00710ABE /* Release */,
			);
			defaultConfigurationIsVisible = 0;
		};
		070F37A81B00E87A00710ABE /* Build configuration list for PBXNativeTarget "NC-demoTests" */ = {
			isa = XCConfigurationList;
			buildConfigurations = (
				070F37A91B00E87A00710ABE /* Debug */,
				070F37AA1B00E87A00710ABE /* Release */,
			);
			defaultConfigurationIsVisible = 0;
		};
/* End XCConfigurationList section */
	};
	rootObject = 070F377A1B00E87A00710ABE /* Project object */;
}
